{
  "version": 4,
  "terraform_version": "1.12.0",
  "serial": 115,
  "lineage": "f01f206b-56f5-d5d6-41d8-b14fa429bccf",
  "outputs": {
    "cognito_domain": {
      "value": "user-pool-micapanchi",
      "type": "string"
    },
    "cognito_hosted_ui_url": {
      "value": "https://user-pool-micapanchi.auth.us-east-1.amazoncognito.com/login?client_id=12qbeogog6p4lfv87cvi2tq6j2\u0026response_type=code\u0026scope=openid\u0026redirect_uri=https://7sqblorv33.execute-api.us-east-1.amazonaws.com/prod/redirectBucket",
      "type": "string"
    },
    "dynamodb_table_arn": {
      "value": "arn:aws:dynamodb:us-east-1:830822993936:table/ClubData",
      "type": "string"
    },
    "dynamodb_table_name": {
      "value": "ClubData",
      "type": "string"
    },
    "user_pool_id": {
      "value": "12qbeogog6p4lfv87cvi2tq6j2",
      "type": "string"
    },
    "website_url": {
      "value": "club-sports-bucket-mica.s3-website-us-east-1.amazonaws.com",
      "type": "string"
    }
  },
  "resources": [
    {
      "mode": "data",
      "type": "archive_file",
      "name": "crearReserva_code",
      "provider": "provider[\"registry.terraform.io/hashicorp/archive\"]",
      "instances": [
        {
          "schema_version": 0,
          "attributes": {
            "exclude_symlink_directories": null,
            "excludes": null,
            "id": "3bd72a032675d7d1a0c5ad61d4d9da4bf744b0c7",
            "output_base64sha256": "LNhvnWIaRKYV1esjKu4SeCpBht+/MWgrUe1siG4tFKk=",
            "output_base64sha512": "iL7VHjkKNoj3ayt2mGOrUfTspcBT1st3L9hnw0lXixHkGLxYnT6kJqy3Uv5wPia4Hw4uk87epYrY0PXDQd+HKw==",
            "output_file_mode": null,
            "output_md5": "a41ba21c57fce997e59c81946eda6e9e",
            "output_path": "output_lambda_functions/lambda_crearReserva_src.zip",
            "output_sha": "3bd72a032675d7d1a0c5ad61d4d9da4bf744b0c7",
            "output_sha256": "2cd86f9d621a44a615d5eb232aee12782a4186dfbf31682b51ed6c886e2d14a9",
            "output_sha512": "88bed51e390a3688f76b2b769863ab51f4eca5c053d6cb772fd867c349578b11e418bc589d3ea426acb752fe703e26b81f0e2e93cedea58ad8d0f5c341df872b",
            "output_size": 3027,
            "source": [],
            "source_content": null,
            "source_content_filename": null,
            "source_dir": null,
            "source_file": "lambda_functions/crearReserva.py",
            "type": "zip"
          },
          "sensitive_attributes": [],
          "identity_schema_version": 0
        }
      ]
    },
    {
      "mode": "data",
      "type": "archive_file",
      "name": "getReservas_code",
      "provider": "provider[\"registry.terraform.io/hashicorp/archive\"]",
      "instances": [
        {
          "schema_version": 0,
          "attributes": {
            "exclude_symlink_directories": null,
            "excludes": null,
            "id": "d64167f4254cdc7f861569814e430fe43af86863",
            "output_base64sha256": "dovok9U0Y6hFUk8CHlx7wTb2dnK0q3637/Xv9xMmX/c=",
            "output_base64sha512": "hi7mlkWy1rcZUmWjN0QTC469aXfUj+20/PhZBahTqBJBu/vyub7EFWC89PI7neZW6s+S4OFE99aZNKu5ZXrVpA==",
            "output_file_mode": null,
            "output_md5": "2693e3abd1ba919ac0d16d97b16b82c1",
            "output_path": "output_lambda_functions/lambda_getReservas_src.zip",
            "output_sha": "d64167f4254cdc7f861569814e430fe43af86863",
            "output_sha256": "768be893d53463a845524f021e5c7bc136f67672b4ab7eb7eff5eff713265ff7",
            "output_sha512": "862ee69645b2d6b7195265a33744130b8ebd6977d48fedb4fcf85905a853a81241bbfbf2b9bec41560bcf4f23b9de656eacf92e0e144f7d69934abb9657ad5a4",
            "output_size": 1484,
            "source": [],
            "source_content": null,
            "source_content_filename": null,
            "source_dir": null,
            "source_file": "lambda_functions/getReservas.py",
            "type": "zip"
          },
          "sensitive_attributes": [],
          "identity_schema_version": 0
        }
      ]
    },
    {
      "mode": "data",
      "type": "archive_file",
      "name": "redirectBucket_code",
      "provider": "provider[\"registry.terraform.io/hashicorp/archive\"]",
      "instances": [
        {
          "schema_version": 0,
          "attributes": {
            "exclude_symlink_directories": null,
            "excludes": null,
            "id": "004fb52f0fe5e9af01a2730817e8492cef9ae47a",
            "output_base64sha256": "YnZNrOXyj9wR26RorROhDxQMftMjw3d9gYE2KX39obQ=",
            "output_base64sha512": "8hU9YXxS+U5C+F5Tu49mC2gncnGtbZcUwxT6KLVFrRMkAUO6wfE077pcAIt92x67ETyNTZ4YyYumZj0VgkYjVQ==",
            "output_file_mode": null,
            "output_md5": "25e434a94b72be978c2f8c83f8e21d47",
            "output_path": "output_lambda_functions/lambda_redirectBucket_src.zip",
            "output_sha": "004fb52f0fe5e9af01a2730817e8492cef9ae47a",
            "output_sha256": "62764dace5f28fdc11dba468ad13a10f140c7ed323c3777d818136297dfda1b4",
            "output_sha512": "f2153d617c52f94e42f85e53bb8f660b68277271ad6d9714c314fa28b545ad13240143bac1f134efba5c008b7ddb1ebb113c8d4d9e18c98ba6663d1582462355",
            "output_size": 1487,
            "source": [],
            "source_content": null,
            "source_content_filename": null,
            "source_dir": null,
            "source_file": "lambda_functions/redirectBucket.py",
            "type": "zip"
          },
          "sensitive_attributes": [],
          "identity_schema_version": 0
        }
      ]
    },
    {
      "mode": "data",
      "type": "archive_file",
      "name": "redirect_code",
      "provider": "provider[\"registry.terraform.io/hashicorp/archive\"]",
      "instances": [
        {
          "schema_version": 0,
          "attributes": {
            "exclude_symlink_directories": null,
            "excludes": null,
            "id": "1299a1f22ac8f3b2670f89dd4ac9ef77d02d0c8c",
            "output_base64sha256": "OoiKHZ24uyMWG0fKuSq5zKM7EzEyTChnb3TS1qjEAmU=",
            "output_base64sha512": "8hOrK46Dc93hxgvry/B0kvo+eTVvpEo2ndKXP2qLz+1cBnvW3uE46LEMIx8ho+oSETG+cFFfZ05xWt1UOEEp3g==",
            "output_file_mode": null,
            "output_md5": "7561ecf4994fabb813c02bb679d40bfe",
            "output_path": "output_lambda_functions/lambda_redirect_src.zip",
            "output_sha": "1299a1f22ac8f3b2670f89dd4ac9ef77d02d0c8c",
            "output_sha256": "3a888a1d9db8bb23161b47cab92ab9cca33b1331324c28676f74d2d6a8c40265",
            "output_sha512": "f213ab2b8e8373dde1c60bebcbf07492fa3e79356fa44a369dd2973f6a8bcfed5c067bd6dee138e8b10c231f21a3ea121131be70515f674e715add54384129de",
            "output_size": 392,
            "source": [],
            "source_content": null,
            "source_content_filename": null,
            "source_dir": null,
            "source_file": "lambda_functions/redirect.py",
            "type": "zip"
          },
          "sensitive_attributes": [],
          "identity_schema_version": 0
        }
      ]
    },
    {
      "mode": "data",
      "type": "archive_file",
      "name": "registrar_usuario_code",
      "provider": "provider[\"registry.terraform.io/hashicorp/archive\"]",
      "instances": [
        {
          "schema_version": 0,
          "attributes": {
            "exclude_symlink_directories": null,
            "excludes": null,
            "id": "98073e2008f94535a42c29bc35848cdd12686d38",
            "output_base64sha256": "Q4DNhr3QiuayMnJS9MOcP2/0iC26FMppn/ju5VdRMgM=",
            "output_base64sha512": "dWzvXrZ7vmnOfhcmV4K4B4XCz+6Tjefko/dSEkk7u6pVELWIytisWJ1pb3vfJ8sAE7iREbx8efw5qsoRo2XTSQ==",
            "output_file_mode": null,
            "output_md5": "9761926f984f8fd2e1e1bcada30a5836",
            "output_path": "output_lambda_functions/registrar_usuario.zip",
            "output_sha": "98073e2008f94535a42c29bc35848cdd12686d38",
            "output_sha256": "4380cd86bdd08ae6b2327252f4c39c3f6ff4882dba14ca699ff8eee557513203",
            "output_sha512": "756cef5eb67bbe69ce7e17265782b80785c2cfee938de7e4a3f75212493bbbaa5510b588cad8ac589d696f7bdf27cb0013b89111bc7c79fc39aaca11a365d349",
            "output_size": 527,
            "source": [],
            "source_content": null,
            "source_content_filename": null,
            "source_dir": null,
            "source_file": "lambda_functions/registrar_usuario.py",
            "type": "zip"
          },
          "sensitive_attributes": [],
          "identity_schema_version": 0
        }
      ]
    },
    {
      "mode": "data",
      "type": "aws_availability_zones",
      "name": "available",
      "provider": "provider[\"registry.terraform.io/hashicorp/aws\"]",
      "instances": [
        {
          "schema_version": 0,
          "attributes": {
            "all_availability_zones": null,
            "exclude_names": null,
            "exclude_zone_ids": null,
            "filter": null,
            "group_names": [
              "us-east-1-zg-1"
            ],
            "id": "us-east-1",
            "names": [
              "us-east-1a",
              "us-east-1b",
              "us-east-1c",
              "us-east-1d",
              "us-east-1e",
              "us-east-1f"
            ],
            "state": "available",
            "timeouts": null,
            "zone_ids": [
              "use1-az4",
              "use1-az6",
              "use1-az1",
              "use1-az2",
              "use1-az3",
              "use1-az5"
            ]
          },
          "sensitive_attributes": [],
          "identity_schema_version": 0
        }
      ]
    },
    {
      "mode": "data",
      "type": "aws_caller_identity",
      "name": "current",
      "provider": "provider[\"registry.terraform.io/hashicorp/aws\"]",
      "instances": [
        {
          "schema_version": 0,
          "attributes": {
            "account_id": "830822993936",
            "arn": "arn:aws:sts::830822993936:assumed-role/voclabs/user3924564=mbanchik@itba.edu.ar",
            "id": "830822993936",
            "user_id": "AROA4C4HI2AIOMH54XQZE:user3924564=mbanchik@itba.edu.ar"
          },
          "sensitive_attributes": [],
          "identity_schema_version": 0
        }
      ]
    },
    {
      "mode": "managed",
      "type": "aws_api_gateway_rest_api",
      "name": "main",
      "provider": "provider[\"registry.terraform.io/hashicorp/aws\"]",
      "instances": [
        {
          "schema_version": 0,
          "attributes": {
            "api_key_source": "HEADER",
            "arn": "arn:aws:apigateway:us-east-1::/restapis/7sqblorv33",
            "binary_media_types": [],
            "body": null,
            "created_date": "2025-06-03T19:54:29Z",
            "description": "API de Terraform para quejas de vecinos",
            "disable_execute_api_endpoint": false,
            "endpoint_configuration": [
              {
                "ip_address_type": "ipv4",
                "types": [
                  "EDGE"
                ],
                "vpc_endpoint_ids": []
              }
            ],
            "execution_arn": "arn:aws:execute-api:us-east-1:830822993936:7sqblorv33",
            "fail_on_warnings": null,
            "id": "7sqblorv33",
            "minimum_compression_size": "",
            "name": "api",
            "parameters": null,
            "policy": "",
            "put_rest_api_mode": null,
            "root_resource_id": "9phqlsimb9",
            "tags": {},
            "tags_all": {}
          },
          "sensitive_attributes": [],
          "identity_schema_version": 0,
          "private": "bnVsbA==",
          "create_before_destroy": true
        }
      ]
    },
    {
      "mode": "managed",
      "type": "aws_lambda_function",
      "name": "redirect",
      "provider": "provider[\"registry.terraform.io/hashicorp/aws\"]",
      "instances": [
        {
          "schema_version": 0,
          "attributes": {
            "architectures": [
              "x86_64"
            ],
            "arn": "arn:aws:lambda:us-east-1:830822993936:function:redirect",
            "code_sha256": "OoiKHZ24uyMWG0fKuSq5zKM7EzEyTChnb3TS1qjEAmU=",
            "code_signing_config_arn": "",
            "dead_letter_config": [],
            "description": "",
            "environment": [
              {
                "variables": {
                  "REDIRECT_URL": "club-sports-bucket-mica.s3-website-us-east-1.amazonaws.com"
                }
              }
            ],
            "ephemeral_storage": [
              {
                "size": 512
              }
            ],
            "file_system_config": [],
            "filename": "output_lambda_functions/lambda_redirect_src.zip",
            "function_name": "redirect",
            "handler": "redirect.lambda_handler",
            "id": "redirect",
            "image_config": [],
            "image_uri": "",
            "invoke_arn": "arn:aws:apigateway:us-east-1:lambda:path/2015-03-31/functions/arn:aws:lambda:us-east-1:830822993936:function:redirect/invocations",
            "kms_key_arn": "",
            "last_modified": "2025-06-03T19:54:36.154+0000",
            "layers": [],
            "logging_config": [
              {
                "application_log_level": "",
                "log_format": "Text",
                "log_group": "/aws/lambda/redirect",
                "system_log_level": ""
              }
            ],
            "memory_size": 128,
            "package_type": "Zip",
            "publish": false,
            "qualified_arn": "arn:aws:lambda:us-east-1:830822993936:function:redirect:$LATEST",
            "qualified_invoke_arn": "arn:aws:apigateway:us-east-1:lambda:path/2015-03-31/functions/arn:aws:lambda:us-east-1:830822993936:function:redirect:$LATEST/invocations",
            "replace_security_groups_on_destroy": null,
            "replacement_security_group_ids": null,
            "reserved_concurrent_executions": -1,
            "role": "arn:aws:iam::830822993936:role/LabRole",
            "runtime": "python3.11",
            "s3_bucket": null,
            "s3_key": null,
            "s3_object_version": null,
            "signing_job_arn": "",
            "signing_profile_version_arn": "",
            "skip_destroy": false,
            "snap_start": [],
            "source_code_hash": "OoiKHZ24uyMWG0fKuSq5zKM7EzEyTChnb3TS1qjEAmU=",
            "source_code_size": 392,
            "tags": {},
            "tags_all": {},
            "timeout": 60,
            "timeouts": null,
            "tracing_config": [
              {
                "mode": "PassThrough"
              }
            ],
            "version": "$LATEST",
            "vpc_config": []
          },
          "sensitive_attributes": [],
          "identity_schema_version": 0,
          "private": "eyJlMmJmYjczMC1lY2FhLTExZTYtOGY4OC0zNDM2M2JjN2M0YzAiOnsiY3JlYXRlIjo2MDAwMDAwMDAwMDAsImRlbGV0ZSI6NjAwMDAwMDAwMDAwLCJ1cGRhdGUiOjYwMDAwMDAwMDAwMH19",
          "dependencies": [
            "data.archive_file.redirect_code",
            "data.aws_caller_identity.current",
            "module.s3.aws_s3_bucket.static_site",
            "module.s3.aws_s3_bucket_policy.static_site_policy",
            "module.s3.aws_s3_bucket_public_access_block.allow_public_policy",
            "module.s3.aws_s3_bucket_website_configuration.static_site_config"
          ],
          "create_before_destroy": true
        }
      ]
    },
    {
      "mode": "managed",
      "type": "aws_lambda_permission",
      "name": "allow_cognito_invoke",
      "provider": "provider[\"registry.terraform.io/hashicorp/aws\"]",
      "instances": [
        {
          "schema_version": 0,
          "attributes": {
            "action": "lambda:InvokeFunction",
            "event_source_token": null,
            "function_name": "arn:aws:lambda:us-east-1:830822993936:function:registrar_usuario",
            "function_url_auth_type": null,
            "id": "AllowExecutionFromCognito",
            "principal": "cognito-idp.amazonaws.com",
            "principal_org_id": null,
            "qualifier": "",
            "source_account": null,
            "source_arn": "arn:aws:cognito-idp:us-east-1:830822993936:userpool/us-east-1_uKHnicXWC",
            "statement_id": "AllowExecutionFromCognito",
            "statement_id_prefix": ""
          },
          "sensitive_attributes": [],
          "identity_schema_version": 0,
          "private": "bnVsbA==",
          "dependencies": [
            "aws_security_group.registrar_usuario_sg",
            "data.aws_availability_zones.available",
            "data.aws_caller_identity.current",
            "module.cognito.aws_cognito_user_pool.club_user_pool",
            "module.lambdas.aws_lambda_function.registrar_usuario",
            "module.vpc.aws_subnet.example",
            "module.vpc.aws_vpc.example"
          ]
        }
      ]
    },
    {
      "mode": "managed",
      "type": "aws_security_group",
      "name": "lambda_sg",
      "provider": "provider[\"registry.terraform.io/hashicorp/aws\"]",
      "instances": [
        {
          "schema_version": 1,
          "attributes": {
            "arn": "arn:aws:ec2:us-east-1:830822993936:security-group/sg-050dada197c9fe600",
            "description": "Security group para lambdas",
            "egress": [
              {
                "cidr_blocks": [
                  "0.0.0.0/0"
                ],
                "description": "",
                "from_port": 443,
                "ipv6_cidr_blocks": [],
                "prefix_list_ids": [],
                "protocol": "tcp",
                "security_groups": [],
                "self": false,
                "to_port": 443
              }
            ],
            "id": "sg-050dada197c9fe600",
            "ingress": [],
            "name": "lambda-sg",
            "name_prefix": "",
            "owner_id": "830822993936",
            "revoke_rules_on_delete": false,
            "tags": {
              "Name": "lambda-security-group"
            },
            "tags_all": {
              "Name": "lambda-security-group"
            },
            "timeouts": null,
            "vpc_id": "vpc-05bd500ecf63b9641"
          },
          "sensitive_attributes": [],
          "identity_schema_version": 0,
          "private": "eyJlMmJmYjczMC1lY2FhLTExZTYtOGY4OC0zNDM2M2JjN2M0YzAiOnsiY3JlYXRlIjo2MDAwMDAwMDAwMDAsImRlbGV0ZSI6OTAwMDAwMDAwMDAwfSwic2NoZW1hX3ZlcnNpb24iOiIxIn0=",
          "dependencies": [
            "module.vpc.aws_vpc.example"
          ],
          "create_before_destroy": true
        }
      ]
    },
    {
      "mode": "managed",
      "type": "aws_security_group",
      "name": "registrar_usuario_sg",
      "provider": "provider[\"registry.terraform.io/hashicorp/aws\"]",
      "instances": [
        {
          "schema_version": 1,
          "attributes": {
            "arn": "arn:aws:ec2:us-east-1:830822993936:security-group/sg-017677041fc586b93",
            "description": "Security group for registrar_usuario lambda",
            "egress": [
              {
                "cidr_blocks": [
                  "0.0.0.0/0"
                ],
                "description": "",
                "from_port": 0,
                "ipv6_cidr_blocks": [],
                "prefix_list_ids": [],
                "protocol": "-1",
                "security_groups": [],
                "self": false,
                "to_port": 0
              }
            ],
            "id": "sg-017677041fc586b93",
            "ingress": [],
            "name": "registrar-usuario-sg",
            "name_prefix": "",
            "owner_id": "830822993936",
            "revoke_rules_on_delete": false,
            "tags": {
              "Name": "registrar-usuario-sg"
            },
            "tags_all": {
              "Name": "registrar-usuario-sg"
            },
            "timeouts": null,
            "vpc_id": "vpc-05bd500ecf63b9641"
          },
          "sensitive_attributes": [],
          "identity_schema_version": 0,
          "private": "eyJlMmJmYjczMC1lY2FhLTExZTYtOGY4OC0zNDM2M2JjN2M0YzAiOnsiY3JlYXRlIjo2MDAwMDAwMDAwMDAsImRlbGV0ZSI6OTAwMDAwMDAwMDAwfSwic2NoZW1hX3ZlcnNpb24iOiIxIn0=",
          "dependencies": [
            "module.vpc.aws_vpc.example"
          ],
          "create_before_destroy": true
        }
      ]
    },
    {
      "module": "module.api_gateway",
      "mode": "managed",
      "type": "aws_api_gateway_deployment",
      "name": "deployment",
      "provider": "provider[\"registry.terraform.io/hashicorp/aws\"]",
      "instances": [
        {
          "schema_version": 0,
          "attributes": {
            "canary_settings": [],
            "created_date": "2025-06-04T03:33:07Z",
            "description": "",
            "execution_arn": "arn:aws:execute-api:us-east-1:830822993936:7sqblorv33/",
            "id": "c68ngd",
            "invoke_url": "https://7sqblorv33.execute-api.us-east-1.amazonaws.com/",
            "rest_api_id": "7sqblorv33",
            "stage_description": null,
            "stage_name": null,
            "triggers": {
              "redeployment": "baf34046fd550fc2f2bc73a11ab294970f49ff42"
            },
            "variables": null
          },
          "sensitive_attributes": [],
          "identity_schema_version": 0,
          "private": "bnVsbA==",
          "dependencies": [
            "aws_api_gateway_rest_api.main",
            "aws_lambda_function.redirect",
            "aws_security_group.lambda_sg",
            "aws_security_group.registrar_usuario_sg",
            "data.archive_file.crearReserva_code",
            "data.archive_file.getReservas_code",
            "data.archive_file.redirect_code",
            "data.aws_availability_zones.available",
            "data.aws_caller_identity.current",
            "module.api_gateway.aws_api_gateway_integration.crearReserva_integration",
            "module.api_gateway.aws_api_gateway_integration.crearReserva_options_integration",
            "module.api_gateway.aws_api_gateway_integration.getReservas_integration",
            "module.api_gateway.aws_api_gateway_integration.getReservas_options_integration",
            "module.api_gateway.aws_api_gateway_integration.redirect_integration",
            "module.api_gateway.aws_api_gateway_integration_response.crearReserva_integration_response",
            "module.api_gateway.aws_api_gateway_integration_response.crearReserva_options_integration_response",
            "module.api_gateway.aws_api_gateway_integration_response.getReservas_integration_response",
            "module.api_gateway.aws_api_gateway_method.crearReserva_method",
            "module.api_gateway.aws_api_gateway_method.crearReserva_options_method",
            "module.api_gateway.aws_api_gateway_method.getReservas_method",
            "module.api_gateway.aws_api_gateway_method.getReservas_options_method",
            "module.api_gateway.aws_api_gateway_method.redirect_method",
            "module.api_gateway.aws_api_gateway_method_response.crearReserva_method_response",
            "module.api_gateway.aws_api_gateway_method_response.crearReserva_options_method_response",
            "module.api_gateway.aws_api_gateway_method_response.getReservas_method_response",
            "module.api_gateway.aws_api_gateway_resource.check_availability_resource",
            "module.api_gateway.aws_api_gateway_resource.create_reservation_resource",
            "module.api_gateway.aws_api_gateway_resource.redirect_resource",
            "module.cognito.aws_api_gateway_authorizer.cognito_authorizer",
            "module.cognito.aws_cognito_user_pool.club_user_pool",
            "module.lambdas.aws_lambda_function.crearReserva",
            "module.lambdas.aws_lambda_function.getReservas",
            "module.lambdas.aws_lambda_function.registrar_usuario",
            "module.s3.aws_s3_bucket.static_site",
            "module.s3.aws_s3_bucket_policy.static_site_policy",
            "module.s3.aws_s3_bucket_public_access_block.allow_public_policy",
            "module.s3.aws_s3_bucket_website_configuration.static_site_config",
            "module.vpc.aws_subnet.example",
            "module.vpc.aws_vpc.example"
          ],
          "create_before_destroy": true
        }
      ]
    },
    {
      "module": "module.api_gateway",
      "mode": "managed",
      "type": "aws_api_gateway_integration",
      "name": "crearReserva_integration",
      "provider": "provider[\"registry.terraform.io/hashicorp/aws\"]",
      "instances": [
        {
          "schema_version": 0,
          "attributes": {
            "cache_key_parameters": [],
            "cache_namespace": "ehrioa",
            "connection_id": "",
            "connection_type": "INTERNET",
            "content_handling": "",
            "credentials": "",
            "http_method": "POST",
            "id": "agi-7sqblorv33-ehrioa-POST",
            "integration_http_method": "POST",
            "passthrough_behavior": "WHEN_NO_MATCH",
            "request_parameters": {},
            "request_templates": {},
            "resource_id": "ehrioa",
            "rest_api_id": "7sqblorv33",
            "timeout_milliseconds": 29000,
            "tls_config": [],
            "type": "AWS_PROXY",
            "uri": "arn:aws:apigateway:us-east-1:lambda:path/2015-03-31/functions/arn:aws:lambda:us-east-1:830822993936:function:crearReserva/invocations"
          },
          "sensitive_attributes": [],
          "identity_schema_version": 0,
          "private": "bnVsbA==",
          "dependencies": [
            "aws_api_gateway_rest_api.main",
            "aws_security_group.lambda_sg",
            "aws_security_group.registrar_usuario_sg",
            "data.archive_file.crearReserva_code",
            "data.aws_availability_zones.available",
            "data.aws_caller_identity.current",
            "module.api_gateway.aws_api_gateway_method.crearReserva_method",
            "module.api_gateway.aws_api_gateway_resource.create_reservation_resource",
            "module.cognito.aws_api_gateway_authorizer.cognito_authorizer",
            "module.cognito.aws_cognito_user_pool.club_user_pool",
            "module.lambdas.aws_lambda_function.crearReserva",
            "module.lambdas.aws_lambda_function.registrar_usuario",
            "module.vpc.aws_subnet.example",
            "module.vpc.aws_vpc.example"
          ],
          "create_before_destroy": true
        }
      ]
    },
    {
      "module": "module.api_gateway",
      "mode": "managed",
      "type": "aws_api_gateway_integration",
      "name": "crearReserva_options_integration",
      "provider": "provider[\"registry.terraform.io/hashicorp/aws\"]",
      "instances": [
        {
          "schema_version": 0,
          "attributes": {
            "cache_key_parameters": [],
            "cache_namespace": "ehrioa",
            "connection_id": "",
            "connection_type": "INTERNET",
            "content_handling": "",
            "credentials": "",
            "http_method": "OPTIONS",
            "id": "agi-7sqblorv33-ehrioa-OPTIONS",
            "integration_http_method": "",
            "passthrough_behavior": "WHEN_NO_MATCH",
            "request_parameters": {},
            "request_templates": {
              "application/json": "{\"statusCode\":200}"
            },
            "resource_id": "ehrioa",
            "rest_api_id": "7sqblorv33",
            "timeout_milliseconds": 29000,
            "tls_config": [],
            "type": "MOCK",
            "uri": ""
          },
          "sensitive_attributes": [],
          "identity_schema_version": 0,
          "private": "bnVsbA==",
          "dependencies": [
            "aws_api_gateway_rest_api.main",
            "module.api_gateway.aws_api_gateway_method.crearReserva_options_method",
            "module.api_gateway.aws_api_gateway_resource.create_reservation_resource"
          ],
          "create_before_destroy": true
        }
      ]
    },
    {
      "module": "module.api_gateway",
      "mode": "managed",
      "type": "aws_api_gateway_integration",
      "name": "getReservas_integration",
      "provider": "provider[\"registry.terraform.io/hashicorp/aws\"]",
      "instances": [
        {
          "schema_version": 0,
          "attributes": {
            "cache_key_parameters": [],
            "cache_namespace": "pvy6ji",
            "connection_id": "",
            "connection_type": "INTERNET",
            "content_handling": "",
            "credentials": "",
            "http_method": "POST",
            "id": "agi-7sqblorv33-pvy6ji-POST",
            "integration_http_method": "POST",
            "passthrough_behavior": "WHEN_NO_MATCH",
            "request_parameters": {},
            "request_templates": {},
            "resource_id": "pvy6ji",
            "rest_api_id": "7sqblorv33",
            "timeout_milliseconds": 29000,
            "tls_config": [],
            "type": "AWS_PROXY",
            "uri": "arn:aws:apigateway:us-east-1:lambda:path/2015-03-31/functions/arn:aws:lambda:us-east-1:830822993936:function:getReservas/invocations"
          },
          "sensitive_attributes": [],
          "identity_schema_version": 0,
          "private": "bnVsbA==",
          "dependencies": [
            "aws_api_gateway_rest_api.main",
            "aws_security_group.lambda_sg",
            "aws_security_group.registrar_usuario_sg",
            "data.archive_file.getReservas_code",
            "data.aws_availability_zones.available",
            "data.aws_caller_identity.current",
            "module.api_gateway.aws_api_gateway_method.getReservas_method",
            "module.api_gateway.aws_api_gateway_resource.check_availability_resource",
            "module.cognito.aws_api_gateway_authorizer.cognito_authorizer",
            "module.cognito.aws_cognito_user_pool.club_user_pool",
            "module.lambdas.aws_lambda_function.getReservas",
            "module.lambdas.aws_lambda_function.registrar_usuario",
            "module.vpc.aws_subnet.example",
            "module.vpc.aws_vpc.example"
          ],
          "create_before_destroy": true
        }
      ]
    },
    {
      "module": "module.api_gateway",
      "mode": "managed",
      "type": "aws_api_gateway_integration",
      "name": "getReservas_options_integration",
      "provider": "provider[\"registry.terraform.io/hashicorp/aws\"]",
      "instances": [
        {
          "schema_version": 0,
          "attributes": {
            "cache_key_parameters": [],
            "cache_namespace": "pvy6ji",
            "connection_id": "",
            "connection_type": "INTERNET",
            "content_handling": "",
            "credentials": "",
            "http_method": "OPTIONS",
            "id": "agi-7sqblorv33-pvy6ji-OPTIONS",
            "integration_http_method": "",
            "passthrough_behavior": "WHEN_NO_MATCH",
            "request_parameters": {},
            "request_templates": {
              "application/json": "{\"statusCode\":200}"
            },
            "resource_id": "pvy6ji",
            "rest_api_id": "7sqblorv33",
            "timeout_milliseconds": 29000,
            "tls_config": [],
            "type": "MOCK",
            "uri": ""
          },
          "sensitive_attributes": [],
          "identity_schema_version": 0,
          "private": "bnVsbA==",
          "dependencies": [
            "aws_api_gateway_rest_api.main",
            "module.api_gateway.aws_api_gateway_method.getReservas_options_method",
            "module.api_gateway.aws_api_gateway_resource.check_availability_resource"
          ],
          "create_before_destroy": true
        }
      ]
    },
    {
      "module": "module.api_gateway",
      "mode": "managed",
      "type": "aws_api_gateway_integration",
      "name": "redirect_integration",
      "provider": "provider[\"registry.terraform.io/hashicorp/aws\"]",
      "instances": [
        {
          "schema_version": 0,
          "attributes": {
            "cache_key_parameters": [],
            "cache_namespace": "rbk7k5",
            "connection_id": "",
            "connection_type": "INTERNET",
            "content_handling": "",
            "credentials": "",
            "http_method": "GET",
            "id": "agi-7sqblorv33-rbk7k5-GET",
            "integration_http_method": "POST",
            "passthrough_behavior": "WHEN_NO_MATCH",
            "request_parameters": {},
            "request_templates": {},
            "resource_id": "rbk7k5",
            "rest_api_id": "7sqblorv33",
            "timeout_milliseconds": 29000,
            "tls_config": [],
            "type": "AWS_PROXY",
            "uri": "arn:aws:apigateway:us-east-1:lambda:path/2015-03-31/functions/arn:aws:lambda:us-east-1:830822993936:function:redirect/invocations"
          },
          "sensitive_attributes": [],
          "identity_schema_version": 0,
          "private": "bnVsbA==",
          "dependencies": [
            "aws_api_gateway_rest_api.main",
            "aws_lambda_function.redirect",
            "data.archive_file.redirect_code",
            "data.aws_caller_identity.current",
            "module.api_gateway.aws_api_gateway_method.redirect_method",
            "module.api_gateway.aws_api_gateway_resource.redirect_resource",
            "module.s3.aws_s3_bucket.static_site",
            "module.s3.aws_s3_bucket_policy.static_site_policy",
            "module.s3.aws_s3_bucket_public_access_block.allow_public_policy",
            "module.s3.aws_s3_bucket_website_configuration.static_site_config"
          ],
          "create_before_destroy": true
        }
      ]
    },
    {
      "module": "module.api_gateway",
      "mode": "managed",
      "type": "aws_api_gateway_integration_response",
      "name": "crearReserva_integration_response",
      "provider": "provider[\"registry.terraform.io/hashicorp/aws\"]",
      "instances": [
        {
          "schema_version": 0,
          "attributes": {
            "content_handling": "",
            "http_method": "POST",
            "id": "agir-7sqblorv33-ehrioa-POST-200",
            "resource_id": "ehrioa",
            "response_parameters": {
              "method.response.header.Access-Control-Allow-Origin": "'*'"
            },
            "response_templates": {},
            "rest_api_id": "7sqblorv33",
            "selection_pattern": "",
            "status_code": "200"
          },
          "sensitive_attributes": [],
          "identity_schema_version": 0,
          "private": "bnVsbA==",
          "dependencies": [
            "aws_api_gateway_rest_api.main",
            "aws_security_group.lambda_sg",
            "aws_security_group.registrar_usuario_sg",
            "data.archive_file.crearReserva_code",
            "data.aws_availability_zones.available",
            "data.aws_caller_identity.current",
            "module.api_gateway.aws_api_gateway_integration.crearReserva_integration",
            "module.api_gateway.aws_api_gateway_method.crearReserva_method",
            "module.api_gateway.aws_api_gateway_method_response.crearReserva_method_response",
            "module.api_gateway.aws_api_gateway_resource.create_reservation_resource",
            "module.cognito.aws_api_gateway_authorizer.cognito_authorizer",
            "module.cognito.aws_cognito_user_pool.club_user_pool",
            "module.lambdas.aws_lambda_function.crearReserva",
            "module.lambdas.aws_lambda_function.registrar_usuario",
            "module.vpc.aws_subnet.example",
            "module.vpc.aws_vpc.example"
          ],
          "create_before_destroy": true
        }
      ]
    },
    {
      "module": "module.api_gateway",
      "mode": "managed",
      "type": "aws_api_gateway_integration_response",
      "name": "crearReserva_options_integration_response",
      "provider": "provider[\"registry.terraform.io/hashicorp/aws\"]",
      "instances": [
        {
          "schema_version": 0,
          "attributes": {
            "content_handling": "",
            "http_method": "OPTIONS",
            "id": "agir-7sqblorv33-ehrioa-OPTIONS-200",
            "resource_id": "ehrioa",
            "response_parameters": {
              "method.response.header.Access-Control-Allow-Headers": "'Content-Type,Authorization'",
              "method.response.header.Access-Control-Allow-Methods": "'POST,OPTIONS'",
              "method.response.header.Access-Control-Allow-Origin": "'*'"
            },
            "response_templates": {},
            "rest_api_id": "7sqblorv33",
            "selection_pattern": "",
            "status_code": "200"
          },
          "sensitive_attributes": [],
          "identity_schema_version": 0,
          "private": "bnVsbA==",
          "dependencies": [
            "aws_api_gateway_rest_api.main",
            "module.api_gateway.aws_api_gateway_integration.crearReserva_options_integration",
            "module.api_gateway.aws_api_gateway_method.crearReserva_options_method",
            "module.api_gateway.aws_api_gateway_method_response.crearReserva_options_method_response",
            "module.api_gateway.aws_api_gateway_resource.create_reservation_resource"
          ],
          "create_before_destroy": true
        }
      ]
    },
    {
      "module": "module.api_gateway",
      "mode": "managed",
      "type": "aws_api_gateway_integration_response",
      "name": "getReservas_integration_response",
      "provider": "provider[\"registry.terraform.io/hashicorp/aws\"]",
      "instances": [
        {
          "schema_version": 0,
          "attributes": {
            "content_handling": "",
            "http_method": "POST",
            "id": "agir-7sqblorv33-pvy6ji-POST-200",
            "resource_id": "pvy6ji",
            "response_parameters": {
              "method.response.header.Access-Control-Allow-Origin": "'*'"
            },
            "response_templates": {},
            "rest_api_id": "7sqblorv33",
            "selection_pattern": "",
            "status_code": "200"
          },
          "sensitive_attributes": [],
          "identity_schema_version": 0,
          "private": "bnVsbA==",
          "dependencies": [
            "aws_api_gateway_rest_api.main",
            "aws_security_group.lambda_sg",
            "aws_security_group.registrar_usuario_sg",
            "data.archive_file.getReservas_code",
            "data.aws_availability_zones.available",
            "data.aws_caller_identity.current",
            "module.api_gateway.aws_api_gateway_integration.getReservas_integration",
            "module.api_gateway.aws_api_gateway_method.getReservas_method",
            "module.api_gateway.aws_api_gateway_method_response.getReservas_method_response",
            "module.api_gateway.aws_api_gateway_resource.check_availability_resource",
            "module.cognito.aws_api_gateway_authorizer.cognito_authorizer",
            "module.cognito.aws_cognito_user_pool.club_user_pool",
            "module.lambdas.aws_lambda_function.getReservas",
            "module.lambdas.aws_lambda_function.registrar_usuario",
            "module.vpc.aws_subnet.example",
            "module.vpc.aws_vpc.example"
          ],
          "create_before_destroy": true
        }
      ]
    },
    {
      "module": "module.api_gateway",
      "mode": "managed",
      "type": "aws_api_gateway_integration_response",
      "name": "getReservas_options_integration_response",
      "provider": "provider[\"registry.terraform.io/hashicorp/aws\"]",
      "instances": [
        {
          "schema_version": 0,
          "attributes": {
            "content_handling": "",
            "http_method": "OPTIONS",
            "id": "agir-7sqblorv33-pvy6ji-OPTIONS-200",
            "resource_id": "pvy6ji",
            "response_parameters": {
              "method.response.header.Access-Control-Allow-Headers": "'Content-Type,Authorization'",
              "method.response.header.Access-Control-Allow-Methods": "'POST,OPTIONS'",
              "method.response.header.Access-Control-Allow-Origin": "'*'"
            },
            "response_templates": {},
            "rest_api_id": "7sqblorv33",
            "selection_pattern": "",
            "status_code": "200"
          },
          "sensitive_attributes": [],
          "identity_schema_version": 0,
          "private": "bnVsbA==",
          "dependencies": [
            "aws_api_gateway_rest_api.main",
            "module.api_gateway.aws_api_gateway_integration.getReservas_options_integration",
            "module.api_gateway.aws_api_gateway_method.getReservas_options_method",
            "module.api_gateway.aws_api_gateway_method_response.getReservas_options_method_response",
            "module.api_gateway.aws_api_gateway_resource.check_availability_resource"
          ]
        }
      ]
    },
    {
      "module": "module.api_gateway",
      "mode": "managed",
      "type": "aws_api_gateway_method",
      "name": "crearReserva_method",
      "provider": "provider[\"registry.terraform.io/hashicorp/aws\"]",
      "instances": [
        {
          "schema_version": 0,
          "attributes": {
            "api_key_required": false,
            "authorization": "COGNITO_USER_POOLS",
            "authorization_scopes": [],
            "authorizer_id": "2xakr8",
            "http_method": "POST",
            "id": "agm-7sqblorv33-ehrioa-POST",
            "operation_name": "",
            "request_models": {},
            "request_parameters": {},
            "request_validator_id": "",
            "resource_id": "ehrioa",
            "rest_api_id": "7sqblorv33"
          },
          "sensitive_attributes": [],
          "identity_schema_version": 0,
          "private": "bnVsbA==",
          "dependencies": [
            "aws_api_gateway_rest_api.main",
            "aws_security_group.registrar_usuario_sg",
            "data.aws_availability_zones.available",
            "data.aws_caller_identity.current",
            "module.api_gateway.aws_api_gateway_resource.create_reservation_resource",
            "module.cognito.aws_api_gateway_authorizer.cognito_authorizer",
            "module.cognito.aws_cognito_user_pool.club_user_pool",
            "module.lambdas.aws_lambda_function.registrar_usuario",
            "module.vpc.aws_subnet.example",
            "module.vpc.aws_vpc.example"
          ],
          "create_before_destroy": true
        }
      ]
    },
    {
      "module": "module.api_gateway",
      "mode": "managed",
      "type": "aws_api_gateway_method",
      "name": "crearReserva_options_method",
      "provider": "provider[\"registry.terraform.io/hashicorp/aws\"]",
      "instances": [
        {
          "schema_version": 0,
          "attributes": {
            "api_key_required": false,
            "authorization": "NONE",
            "authorization_scopes": [],
            "authorizer_id": "",
            "http_method": "OPTIONS",
            "id": "agm-7sqblorv33-ehrioa-OPTIONS",
            "operation_name": "",
            "request_models": {},
            "request_parameters": {},
            "request_validator_id": "",
            "resource_id": "ehrioa",
            "rest_api_id": "7sqblorv33"
          },
          "sensitive_attributes": [],
          "identity_schema_version": 0,
          "private": "bnVsbA==",
          "dependencies": [
            "aws_api_gateway_rest_api.main",
            "module.api_gateway.aws_api_gateway_resource.create_reservation_resource"
          ],
          "create_before_destroy": true
        }
      ]
    },
    {
      "module": "module.api_gateway",
      "mode": "managed",
      "type": "aws_api_gateway_method",
      "name": "getReservas_method",
      "provider": "provider[\"registry.terraform.io/hashicorp/aws\"]",
      "instances": [
        {
          "schema_version": 0,
          "attributes": {
            "api_key_required": false,
            "authorization": "NONE",
            "authorization_scopes": [],
            "authorizer_id": "",
            "http_method": "POST",
            "id": "agm-7sqblorv33-pvy6ji-POST",
            "operation_name": "",
            "request_models": {},
            "request_parameters": {},
            "request_validator_id": "",
            "resource_id": "pvy6ji",
            "rest_api_id": "7sqblorv33"
          },
          "sensitive_attributes": [],
          "identity_schema_version": 0,
          "private": "bnVsbA==",
          "dependencies": [
            "aws_api_gateway_rest_api.main",
            "aws_security_group.registrar_usuario_sg",
            "data.aws_availability_zones.available",
            "data.aws_caller_identity.current",
            "module.api_gateway.aws_api_gateway_resource.check_availability_resource",
            "module.cognito.aws_api_gateway_authorizer.cognito_authorizer",
            "module.cognito.aws_cognito_user_pool.club_user_pool",
            "module.lambdas.aws_lambda_function.registrar_usuario",
            "module.vpc.aws_subnet.example",
            "module.vpc.aws_vpc.example"
          ],
          "create_before_destroy": true
        }
      ]
    },
    {
      "module": "module.api_gateway",
      "mode": "managed",
      "type": "aws_api_gateway_method",
      "name": "getReservas_options_method",
      "provider": "provider[\"registry.terraform.io/hashicorp/aws\"]",
      "instances": [
        {
          "schema_version": 0,
          "attributes": {
            "api_key_required": false,
            "authorization": "NONE",
            "authorization_scopes": [],
            "authorizer_id": "",
            "http_method": "OPTIONS",
            "id": "agm-7sqblorv33-pvy6ji-OPTIONS",
            "operation_name": "",
            "request_models": {},
            "request_parameters": {},
            "request_validator_id": "",
            "resource_id": "pvy6ji",
            "rest_api_id": "7sqblorv33"
          },
          "sensitive_attributes": [],
          "identity_schema_version": 0,
          "private": "bnVsbA==",
          "dependencies": [
            "aws_api_gateway_rest_api.main",
            "module.api_gateway.aws_api_gateway_resource.check_availability_resource"
          ],
          "create_before_destroy": true
        }
      ]
    },
    {
      "module": "module.api_gateway",
      "mode": "managed",
      "type": "aws_api_gateway_method",
      "name": "redirect_method",
      "provider": "provider[\"registry.terraform.io/hashicorp/aws\"]",
      "instances": [
        {
          "schema_version": 0,
          "attributes": {
            "api_key_required": false,
            "authorization": "NONE",
            "authorization_scopes": [],
            "authorizer_id": "",
            "http_method": "GET",
            "id": "agm-7sqblorv33-rbk7k5-GET",
            "operation_name": "",
            "request_models": {},
            "request_parameters": {},
            "request_validator_id": "",
            "resource_id": "rbk7k5",
            "rest_api_id": "7sqblorv33"
          },
          "sensitive_attributes": [],
          "identity_schema_version": 0,
          "private": "bnVsbA==",
          "dependencies": [
            "aws_api_gateway_rest_api.main",
            "module.api_gateway.aws_api_gateway_resource.redirect_resource"
          ],
          "create_before_destroy": true
        }
      ]
    },
    {
      "module": "module.api_gateway",
      "mode": "managed",
      "type": "aws_api_gateway_method_response",
      "name": "crearReserva_method_response",
      "provider": "provider[\"registry.terraform.io/hashicorp/aws\"]",
      "instances": [
        {
          "schema_version": 0,
          "attributes": {
            "http_method": "POST",
            "id": "agmr-7sqblorv33-ehrioa-POST-200",
            "resource_id": "ehrioa",
            "response_models": {},
            "response_parameters": {
              "method.response.header.Access-Control-Allow-Origin": true
            },
            "rest_api_id": "7sqblorv33",
            "status_code": "200"
          },
          "sensitive_attributes": [],
          "identity_schema_version": 0,
          "private": "bnVsbA==",
          "dependencies": [
            "aws_api_gateway_rest_api.main",
            "aws_security_group.registrar_usuario_sg",
            "data.aws_availability_zones.available",
            "data.aws_caller_identity.current",
            "module.api_gateway.aws_api_gateway_method.crearReserva_method",
            "module.api_gateway.aws_api_gateway_resource.create_reservation_resource",
            "module.cognito.aws_api_gateway_authorizer.cognito_authorizer",
            "module.cognito.aws_cognito_user_pool.club_user_pool",
            "module.lambdas.aws_lambda_function.registrar_usuario",
            "module.vpc.aws_subnet.example",
            "module.vpc.aws_vpc.example"
          ],
          "create_before_destroy": true
        }
      ]
    },
    {
      "module": "module.api_gateway",
      "mode": "managed",
      "type": "aws_api_gateway_method_response",
      "name": "crearReserva_options_method_response",
      "provider": "provider[\"registry.terraform.io/hashicorp/aws\"]",
      "instances": [
        {
          "schema_version": 0,
          "attributes": {
            "http_method": "OPTIONS",
            "id": "agmr-7sqblorv33-ehrioa-OPTIONS-200",
            "resource_id": "ehrioa",
            "response_models": {},
            "response_parameters": {
              "method.response.header.Access-Control-Allow-Headers": true,
              "method.response.header.Access-Control-Allow-Methods": true,
              "method.response.header.Access-Control-Allow-Origin": true
            },
            "rest_api_id": "7sqblorv33",
            "status_code": "200"
          },
          "sensitive_attributes": [],
          "identity_schema_version": 0,
          "private": "bnVsbA==",
          "dependencies": [
            "aws_api_gateway_rest_api.main",
            "module.api_gateway.aws_api_gateway_method.crearReserva_options_method",
            "module.api_gateway.aws_api_gateway_resource.create_reservation_resource"
          ],
          "create_before_destroy": true
        }
      ]
    },
    {
      "module": "module.api_gateway",
      "mode": "managed",
      "type": "aws_api_gateway_method_response",
      "name": "getReservas_method_response",
      "provider": "provider[\"registry.terraform.io/hashicorp/aws\"]",
      "instances": [
        {
          "schema_version": 0,
          "attributes": {
            "http_method": "POST",
            "id": "agmr-7sqblorv33-pvy6ji-POST-200",
            "resource_id": "pvy6ji",
            "response_models": {},
            "response_parameters": {
              "method.response.header.Access-Control-Allow-Origin": true
            },
            "rest_api_id": "7sqblorv33",
            "status_code": "200"
          },
          "sensitive_attributes": [],
          "identity_schema_version": 0,
          "private": "bnVsbA==",
          "dependencies": [
            "aws_api_gateway_rest_api.main",
            "aws_security_group.registrar_usuario_sg",
            "data.aws_availability_zones.available",
            "data.aws_caller_identity.current",
            "module.api_gateway.aws_api_gateway_method.getReservas_method",
            "module.api_gateway.aws_api_gateway_resource.check_availability_resource",
            "module.cognito.aws_api_gateway_authorizer.cognito_authorizer",
            "module.cognito.aws_cognito_user_pool.club_user_pool",
            "module.lambdas.aws_lambda_function.registrar_usuario",
            "module.vpc.aws_subnet.example",
            "module.vpc.aws_vpc.example"
          ],
          "create_before_destroy": true
        }
      ]
    },
    {
      "module": "module.api_gateway",
      "mode": "managed",
      "type": "aws_api_gateway_method_response",
      "name": "getReservas_options_method_response",
      "provider": "provider[\"registry.terraform.io/hashicorp/aws\"]",
      "instances": [
        {
          "schema_version": 0,
          "attributes": {
            "http_method": "OPTIONS",
            "id": "agmr-7sqblorv33-pvy6ji-OPTIONS-200",
            "resource_id": "pvy6ji",
            "response_models": {},
            "response_parameters": {
              "method.response.header.Access-Control-Allow-Headers": true,
              "method.response.header.Access-Control-Allow-Methods": true,
              "method.response.header.Access-Control-Allow-Origin": true
            },
            "rest_api_id": "7sqblorv33",
            "status_code": "200"
          },
          "sensitive_attributes": [],
          "identity_schema_version": 0,
          "private": "bnVsbA==",
          "dependencies": [
            "aws_api_gateway_rest_api.main",
            "module.api_gateway.aws_api_gateway_method.getReservas_options_method",
            "module.api_gateway.aws_api_gateway_resource.check_availability_resource"
          ]
        }
      ]
    },
    {
      "module": "module.api_gateway",
      "mode": "managed",
      "type": "aws_api_gateway_resource",
      "name": "check_availability_resource",
      "provider": "provider[\"registry.terraform.io/hashicorp/aws\"]",
      "instances": [
        {
          "schema_version": 0,
          "attributes": {
            "id": "pvy6ji",
            "parent_id": "9phqlsimb9",
            "path": "/check-availability",
            "path_part": "check-availability",
            "rest_api_id": "7sqblorv33"
          },
          "sensitive_attributes": [],
          "identity_schema_version": 0,
          "private": "bnVsbA==",
          "dependencies": [
            "aws_api_gateway_rest_api.main"
          ],
          "create_before_destroy": true
        }
      ]
    },
    {
      "module": "module.api_gateway",
      "mode": "managed",
      "type": "aws_api_gateway_resource",
      "name": "create_reservation_resource",
      "provider": "provider[\"registry.terraform.io/hashicorp/aws\"]",
      "instances": [
        {
          "schema_version": 0,
          "attributes": {
            "id": "ehrioa",
            "parent_id": "9phqlsimb9",
            "path": "/create-reservation",
            "path_part": "create-reservation",
            "rest_api_id": "7sqblorv33"
          },
          "sensitive_attributes": [],
          "identity_schema_version": 0,
          "private": "bnVsbA==",
          "dependencies": [
            "aws_api_gateway_rest_api.main"
          ],
          "create_before_destroy": true
        }
      ]
    },
    {
      "module": "module.api_gateway",
      "mode": "managed",
      "type": "aws_api_gateway_resource",
      "name": "redirect_resource",
      "provider": "provider[\"registry.terraform.io/hashicorp/aws\"]",
      "instances": [
        {
          "schema_version": 0,
          "attributes": {
            "id": "rbk7k5",
            "parent_id": "9phqlsimb9",
            "path": "/redirectBucket",
            "path_part": "redirectBucket",
            "rest_api_id": "7sqblorv33"
          },
          "sensitive_attributes": [],
          "identity_schema_version": 0,
          "private": "bnVsbA==",
          "dependencies": [
            "aws_api_gateway_rest_api.main"
          ],
          "create_before_destroy": true
        }
      ]
    },
    {
      "module": "module.api_gateway",
      "mode": "managed",
      "type": "aws_api_gateway_stage",
      "name": "stage",
      "provider": "provider[\"registry.terraform.io/hashicorp/aws\"]",
      "instances": [
        {
          "schema_version": 0,
          "attributes": {
            "access_log_settings": [],
            "arn": "arn:aws:apigateway:us-east-1::/restapis/7sqblorv33/stages/prod",
            "cache_cluster_enabled": false,
            "cache_cluster_size": "",
            "canary_settings": [],
            "client_certificate_id": "",
            "deployment_id": "c68ngd",
            "description": "",
            "documentation_version": "",
            "execution_arn": "arn:aws:execute-api:us-east-1:830822993936:7sqblorv33/prod",
            "id": "ags-7sqblorv33-prod",
            "invoke_url": "https://7sqblorv33.execute-api.us-east-1.amazonaws.com/prod",
            "rest_api_id": "7sqblorv33",
            "stage_name": "prod",
            "tags": {},
            "tags_all": {},
            "variables": {},
            "web_acl_arn": "",
            "xray_tracing_enabled": false
          },
          "sensitive_attributes": [],
          "identity_schema_version": 0,
          "private": "bnVsbA==",
          "dependencies": [
            "aws_api_gateway_rest_api.main",
            "aws_lambda_function.redirect",
            "aws_security_group.lambda_sg",
            "aws_security_group.registrar_usuario_sg",
            "data.archive_file.crearReserva_code",
            "data.archive_file.getReservas_code",
            "data.archive_file.redirect_code",
            "data.aws_availability_zones.available",
            "data.aws_caller_identity.current",
            "module.api_gateway.aws_api_gateway_deployment.deployment",
            "module.api_gateway.aws_api_gateway_integration.crearReserva_integration",
            "module.api_gateway.aws_api_gateway_integration.crearReserva_options_integration",
            "module.api_gateway.aws_api_gateway_integration.getReservas_integration",
            "module.api_gateway.aws_api_gateway_integration.getReservas_options_integration",
            "module.api_gateway.aws_api_gateway_integration.redirect_integration",
            "module.api_gateway.aws_api_gateway_integration_response.crearReserva_integration_response",
            "module.api_gateway.aws_api_gateway_integration_response.crearReserva_options_integration_response",
            "module.api_gateway.aws_api_gateway_integration_response.getReservas_integration_response",
            "module.api_gateway.aws_api_gateway_method.crearReserva_method",
            "module.api_gateway.aws_api_gateway_method.crearReserva_options_method",
            "module.api_gateway.aws_api_gateway_method.getReservas_method",
            "module.api_gateway.aws_api_gateway_method.getReservas_options_method",
            "module.api_gateway.aws_api_gateway_method.redirect_method",
            "module.api_gateway.aws_api_gateway_method_response.crearReserva_method_response",
            "module.api_gateway.aws_api_gateway_method_response.crearReserva_options_method_response",
            "module.api_gateway.aws_api_gateway_method_response.getReservas_method_response",
            "module.api_gateway.aws_api_gateway_resource.check_availability_resource",
            "module.api_gateway.aws_api_gateway_resource.create_reservation_resource",
            "module.api_gateway.aws_api_gateway_resource.redirect_resource",
            "module.cognito.aws_api_gateway_authorizer.cognito_authorizer",
            "module.cognito.aws_cognito_user_pool.club_user_pool",
            "module.lambdas.aws_lambda_function.crearReserva",
            "module.lambdas.aws_lambda_function.getReservas",
            "module.lambdas.aws_lambda_function.registrar_usuario",
            "module.s3.aws_s3_bucket.static_site",
            "module.s3.aws_s3_bucket_policy.static_site_policy",
            "module.s3.aws_s3_bucket_public_access_block.allow_public_policy",
            "module.s3.aws_s3_bucket_website_configuration.static_site_config",
            "module.vpc.aws_subnet.example",
            "module.vpc.aws_vpc.example"
          ]
        }
      ]
    },
    {
      "module": "module.api_gateway",
      "mode": "managed",
      "type": "aws_lambda_permission",
      "name": "apigw_crearReserva_permission",
      "provider": "provider[\"registry.terraform.io/hashicorp/aws\"]",
      "instances": [
        {
          "schema_version": 0,
          "attributes": {
            "action": "lambda:InvokeFunction",
            "event_source_token": null,
            "function_name": "crearReserva",
            "function_url_auth_type": null,
            "id": "AllowExecutionFromAPIGatewayCrearReserva",
            "principal": "apigateway.amazonaws.com",
            "principal_org_id": null,
            "qualifier": "",
            "source_account": null,
            "source_arn": "arn:aws:execute-api:us-east-1:830822993936:7sqblorv33/*/POST/create-reservation",
            "statement_id": "AllowExecutionFromAPIGatewayCrearReserva",
            "statement_id_prefix": ""
          },
          "sensitive_attributes": [],
          "identity_schema_version": 0,
          "private": "bnVsbA==",
          "dependencies": [
            "aws_api_gateway_rest_api.main",
            "aws_security_group.lambda_sg",
            "data.archive_file.crearReserva_code",
            "data.aws_availability_zones.available",
            "data.aws_caller_identity.current",
            "module.lambdas.aws_lambda_function.crearReserva",
            "module.vpc.aws_subnet.example",
            "module.vpc.aws_vpc.example"
          ]
        }
      ]
    },
    {
      "module": "module.api_gateway",
      "mode": "managed",
      "type": "aws_lambda_permission",
      "name": "apigw_getReservas_permission",
      "provider": "provider[\"registry.terraform.io/hashicorp/aws\"]",
      "instances": [
        {
          "schema_version": 0,
          "attributes": {
            "action": "lambda:InvokeFunction",
            "event_source_token": null,
            "function_name": "getReservas",
            "function_url_auth_type": null,
            "id": "AllowExecutionFromAPIGatewayGetReservas",
            "principal": "apigateway.amazonaws.com",
            "principal_org_id": null,
            "qualifier": "",
            "source_account": null,
            "source_arn": "arn:aws:execute-api:us-east-1:830822993936:7sqblorv33/*/POST/check-availability",
            "statement_id": "AllowExecutionFromAPIGatewayGetReservas",
            "statement_id_prefix": ""
          },
          "sensitive_attributes": [],
          "identity_schema_version": 0,
          "private": "bnVsbA==",
          "dependencies": [
            "aws_api_gateway_rest_api.main",
            "aws_security_group.lambda_sg",
            "data.archive_file.getReservas_code",
            "data.aws_availability_zones.available",
            "data.aws_caller_identity.current",
            "module.lambdas.aws_lambda_function.getReservas",
            "module.vpc.aws_subnet.example",
            "module.vpc.aws_vpc.example"
          ]
        }
      ]
    },
    {
      "module": "module.api_gateway",
      "mode": "managed",
      "type": "aws_lambda_permission",
      "name": "apigw_redirect_permission",
      "provider": "provider[\"registry.terraform.io/hashicorp/aws\"]",
      "instances": [
        {
          "schema_version": 0,
          "attributes": {
            "action": "lambda:InvokeFunction",
            "event_source_token": null,
            "function_name": "redirect",
            "function_url_auth_type": null,
            "id": "AllowExecutionFromAPIGatewayRedirect",
            "principal": "apigateway.amazonaws.com",
            "principal_org_id": null,
            "qualifier": "",
            "source_account": null,
            "source_arn": "arn:aws:execute-api:us-east-1:830822993936:7sqblorv33/*/*/*",
            "statement_id": "AllowExecutionFromAPIGatewayRedirect",
            "statement_id_prefix": ""
          },
          "sensitive_attributes": [],
          "identity_schema_version": 0,
          "private": "bnVsbA==",
          "dependencies": [
            "aws_api_gateway_rest_api.main",
            "aws_lambda_function.redirect",
            "data.archive_file.redirect_code",
            "data.aws_caller_identity.current",
            "module.s3.aws_s3_bucket.static_site",
            "module.s3.aws_s3_bucket_policy.static_site_policy",
            "module.s3.aws_s3_bucket_public_access_block.allow_public_policy",
            "module.s3.aws_s3_bucket_website_configuration.static_site_config"
          ]
        }
      ]
    },
    {
      "module": "module.cognito",
      "mode": "managed",
      "type": "aws_api_gateway_authorizer",
      "name": "cognito_authorizer",
      "provider": "module.cognito.provider[\"registry.terraform.io/hashicorp/aws\"]",
      "instances": [
        {
          "schema_version": 0,
          "attributes": {
            "arn": "arn:aws:apigateway:us-east-1::/restapis/7sqblorv33/authorizers/2xakr8",
            "authorizer_credentials": "",
            "authorizer_result_ttl_in_seconds": 300,
            "authorizer_uri": "arn:aws:cognito-idp:us-east-1:830822993936:userpool/us-east-1_uKHnicXWC",
            "id": "2xakr8",
            "identity_source": "method.request.header.Authorization",
            "identity_validation_expression": "",
            "name": "cognito-authorizer",
            "provider_arns": [
              "arn:aws:cognito-idp:us-east-1:830822993936:userpool/us-east-1_uKHnicXWC"
            ],
            "rest_api_id": "7sqblorv33",
            "type": "COGNITO_USER_POOLS"
          },
          "sensitive_attributes": [],
          "identity_schema_version": 0,
          "private": "bnVsbA==",
          "dependencies": [
            "aws_api_gateway_rest_api.main",
            "aws_security_group.registrar_usuario_sg",
            "data.aws_availability_zones.available",
            "data.aws_caller_identity.current",
            "module.cognito.aws_cognito_user_pool.club_user_pool",
            "module.lambdas.aws_lambda_function.registrar_usuario",
            "module.vpc.aws_subnet.example",
            "module.vpc.aws_vpc.example"
          ],
          "create_before_destroy": true
        }
      ]
    },
    {
      "module": "module.cognito",
      "mode": "managed",
      "type": "aws_cognito_user_pool",
      "name": "club_user_pool",
      "provider": "module.cognito.provider[\"registry.terraform.io/hashicorp/aws\"]",
      "instances": [
        {
          "schema_version": 0,
          "attributes": {
            "account_recovery_setting": [
              {
                "recovery_mechanism": [
                  {
                    "name": "verified_email",
                    "priority": 1
                  }
                ]
              }
            ],
            "admin_create_user_config": [
              {
                "allow_admin_create_user_only": false,
                "invite_message_template": []
              }
            ],
            "alias_attributes": null,
            "arn": "arn:aws:cognito-idp:us-east-1:830822993936:userpool/us-east-1_uKHnicXWC",
            "auto_verified_attributes": [
              "email"
            ],
            "creation_date": "2025-06-03T19:54:37Z",
            "custom_domain": "",
            "deletion_protection": "INACTIVE",
            "device_configuration": [],
            "domain": "user-pool-micapanchi",
            "email_configuration": [
              {
                "configuration_set": "",
                "email_sending_account": "COGNITO_DEFAULT",
                "from_email_address": "",
                "reply_to_email_address": "",
                "source_arn": ""
              }
            ],
            "email_mfa_configuration": [],
            "email_verification_message": "",
            "email_verification_subject": "",
            "endpoint": "cognito-idp.us-east-1.amazonaws.com/us-east-1_uKHnicXWC",
            "estimated_number_of_users": 2,
            "id": "us-east-1_uKHnicXWC",
            "lambda_config": [
              {
                "create_auth_challenge": "",
                "custom_email_sender": [],
                "custom_message": "",
                "custom_sms_sender": [],
                "define_auth_challenge": "",
                "kms_key_id": "",
                "post_authentication": "",
                "post_confirmation": "arn:aws:lambda:us-east-1:830822993936:function:registrar_usuario",
                "pre_authentication": "",
                "pre_sign_up": "",
                "pre_token_generation": "",
                "pre_token_generation_config": [],
                "user_migration": "",
                "verify_auth_challenge_response": ""
              }
            ],
            "last_modified_date": "2025-06-03T19:54:37Z",
            "mfa_configuration": "OFF",
            "name": "club_user_pool",
            "password_policy": [
              {
                "minimum_length": 8,
                "password_history_size": 0,
                "require_lowercase": true,
                "require_numbers": true,
                "require_symbols": false,
                "require_uppercase": true,
                "temporary_password_validity_days": 7
              }
            ],
            "schema": [],
            "sign_in_policy": [
              {
                "allowed_first_auth_factors": [
                  "PASSWORD"
                ]
              }
            ],
            "sms_authentication_message": "",
            "sms_configuration": [],
            "sms_verification_message": "",
            "software_token_mfa_configuration": [],
            "tags": {},
            "tags_all": {},
            "user_attribute_update_settings": [],
            "user_pool_add_ons": [],
            "user_pool_tier": "ESSENTIALS",
            "username_attributes": [
              "email"
            ],
            "username_configuration": [],
            "verification_message_template": [
              {
                "default_email_option": "CONFIRM_WITH_CODE",
                "email_message": "",
                "email_message_by_link": "",
                "email_subject": "",
                "email_subject_by_link": "",
                "sms_message": ""
              }
            ],
            "web_authn_configuration": []
          },
          "sensitive_attributes": [],
          "identity_schema_version": 0,
          "private": "bnVsbA==",
          "dependencies": [
            "aws_security_group.registrar_usuario_sg",
            "data.aws_availability_zones.available",
            "data.aws_caller_identity.current",
            "module.lambdas.aws_lambda_function.registrar_usuario",
            "module.vpc.aws_subnet.example",
            "module.vpc.aws_vpc.example"
          ],
          "create_before_destroy": true
        }
      ]
    },
    {
      "module": "module.cognito",
      "mode": "managed",
      "type": "aws_cognito_user_pool_client",
      "name": "club_user_pool_client",
      "provider": "module.cognito.provider[\"registry.terraform.io/hashicorp/aws\"]",
      "instances": [
        {
          "schema_version": 0,
          "attributes": {
            "access_token_validity": 0,
            "allowed_oauth_flows": [],
            "allowed_oauth_flows_user_pool_client": false,
            "allowed_oauth_scopes": [],
            "analytics_configuration": [],
            "auth_session_validity": 3,
            "callback_urls": [],
            "client_secret": "",
            "default_redirect_uri": "",
            "enable_propagate_additional_user_context_data": false,
            "enable_token_revocation": true,
            "explicit_auth_flows": [
              "ALLOW_ADMIN_USER_PASSWORD_AUTH",
              "ALLOW_REFRESH_TOKEN_AUTH",
              "ALLOW_USER_PASSWORD_AUTH",
              "ALLOW_USER_SRP_AUTH"
            ],
            "generate_secret": false,
            "id": "12qbeogog6p4lfv87cvi2tq6j2",
            "id_token_validity": 0,
            "logout_urls": [],
            "name": "club_user_pool_client",
            "prevent_user_existence_errors": "",
            "read_attributes": [],
            "refresh_token_rotation": [],
            "refresh_token_validity": 30,
            "supported_identity_providers": [],
            "token_validity_units": [],
            "user_pool_id": "us-east-1_uKHnicXWC",
            "write_attributes": []
          },
          "sensitive_attributes": [
            [
              {
                "type": "get_attr",
                "value": "client_secret"
              }
            ]
          ],
          "identity_schema_version": 0,
          "dependencies": [
            "aws_security_group.registrar_usuario_sg",
            "data.aws_availability_zones.available",
            "data.aws_caller_identity.current",
            "module.cognito.aws_cognito_user_pool.club_user_pool",
            "module.lambdas.aws_lambda_function.registrar_usuario",
            "module.vpc.aws_subnet.example",
            "module.vpc.aws_vpc.example"
          ]
        }
      ]
    },
    {
      "module": "module.cognito",
      "mode": "managed",
      "type": "aws_cognito_user_pool_client",
      "name": "user_pool_client",
      "provider": "module.cognito.provider[\"registry.terraform.io/hashicorp/aws\"]",
      "instances": [
        {
          "schema_version": 0,
          "attributes": {
            "access_token_validity": 0,
            "allowed_oauth_flows": [
              "code"
            ],
            "allowed_oauth_flows_user_pool_client": true,
            "allowed_oauth_scopes": [
              "email",
              "openid",
              "profile"
            ],
            "analytics_configuration": [],
            "auth_session_validity": 3,
            "callback_urls": [
              "https://7sqblorv33.execute-api.us-east-1.amazonaws.com/prod/redirectBucket"
            ],
            "client_secret": "",
            "default_redirect_uri": "",
            "enable_propagate_additional_user_context_data": false,
            "enable_token_revocation": true,
            "explicit_auth_flows": [],
            "generate_secret": null,
            "id": "41g9jru5cgeu053j0fq55v1t",
            "id_token_validity": 0,
            "logout_urls": [
              "https://7sqblorv33.execute-api.us-east-1.amazonaws.com/prod/redirectBucket"
            ],
            "name": "club_user_pool_client",
            "prevent_user_existence_errors": "ENABLED",
            "read_attributes": [],
            "refresh_token_rotation": [],
            "refresh_token_validity": 30,
            "supported_identity_providers": [
              "COGNITO"
            ],
            "token_validity_units": [],
            "user_pool_id": "us-east-1_uKHnicXWC",
            "write_attributes": []
          },
          "sensitive_attributes": [
            [
              {
                "type": "get_attr",
                "value": "client_secret"
              }
            ]
          ],
          "identity_schema_version": 0,
          "dependencies": [
            "aws_api_gateway_rest_api.main",
            "aws_security_group.registrar_usuario_sg",
            "data.aws_availability_zones.available",
            "data.aws_caller_identity.current",
            "module.cognito.aws_cognito_user_pool.club_user_pool",
            "module.lambdas.aws_lambda_function.registrar_usuario",
            "module.vpc.aws_subnet.example",
            "module.vpc.aws_vpc.example"
          ]
        }
      ]
    },
    {
      "module": "module.cognito",
      "mode": "managed",
      "type": "aws_cognito_user_pool_domain",
      "name": "user_pool_domain",
      "provider": "module.cognito.provider[\"registry.terraform.io/hashicorp/aws\"]",
      "instances": [
        {
          "schema_version": 0,
          "attributes": {
            "aws_account_id": "830822993936",
            "certificate_arn": "",
            "cloudfront_distribution": "d3oia8etllorh5.cloudfront.net",
            "cloudfront_distribution_arn": "d3oia8etllorh5.cloudfront.net",
            "cloudfront_distribution_zone_id": "Z2FDTNDATAQYW2",
            "domain": "user-pool-micapanchi",
            "id": "user-pool-micapanchi",
            "managed_login_version": 1,
            "s3_bucket": "aws-cognito-prod-iad-assets",
            "user_pool_id": "us-east-1_uKHnicXWC",
            "version": "20250603195438"
          },
          "sensitive_attributes": [],
          "identity_schema_version": 0,
          "private": "bnVsbA==",
          "dependencies": [
            "aws_security_group.registrar_usuario_sg",
            "data.aws_availability_zones.available",
            "data.aws_caller_identity.current",
            "module.cognito.aws_cognito_user_pool.club_user_pool",
            "module.lambdas.aws_lambda_function.registrar_usuario",
            "module.vpc.aws_subnet.example",
            "module.vpc.aws_vpc.example"
          ]
        }
      ]
    },
    {
      "module": "module.dynamodb",
      "mode": "managed",
      "type": "aws_dynamodb_table",
      "name": "clubdata",
      "provider": "module.dynamodb.provider[\"registry.terraform.io/hashicorp/aws\"]",
      "instances": [
        {
          "schema_version": 1,
          "attributes": {
            "arn": "arn:aws:dynamodb:us-east-1:830822993936:table/ClubData",
            "attribute": [
              {
                "name": "PK",
                "type": "S"
              },
              {
                "name": "SK",
                "type": "S"
              },
              {
                "name": "claseId",
                "type": "S"
              },
              {
                "name": "estado",
                "type": "S"
              },
              {
                "name": "fecha",
                "type": "S"
              },
              {
                "name": "tipo",
                "type": "S"
              },
              {
                "name": "userId",
                "type": "S"
              }
            ],
            "billing_mode": "PAY_PER_REQUEST",
            "deletion_protection_enabled": false,
            "global_secondary_index": [
              {
                "hash_key": "claseId",
                "name": "GSI_ClaseId_Fecha",
                "non_key_attributes": [],
                "on_demand_throughput": [],
                "projection_type": "ALL",
                "range_key": "fecha",
                "read_capacity": 0,
                "write_capacity": 0
              },
              {
                "hash_key": "estado",
                "name": "GSI_Estado_Tipo",
                "non_key_attributes": [],
                "on_demand_throughput": [],
                "projection_type": "ALL",
                "range_key": "tipo",
                "read_capacity": 0,
                "write_capacity": 0
              },
              {
                "hash_key": "fecha",
                "name": "GSI_Fecha_Tipo",
                "non_key_attributes": [],
                "on_demand_throughput": [],
                "projection_type": "ALL",
                "range_key": "tipo",
                "read_capacity": 0,
                "write_capacity": 0
              },
              {
                "hash_key": "userId",
                "name": "GSI_UserId_Tipo",
                "non_key_attributes": [],
                "on_demand_throughput": [],
                "projection_type": "ALL",
                "range_key": "tipo",
                "read_capacity": 0,
                "write_capacity": 0
              }
            ],
            "hash_key": "PK",
            "id": "ClubData",
            "import_table": [],
            "local_secondary_index": [],
            "name": "ClubData",
            "on_demand_throughput": [],
            "point_in_time_recovery": [
              {
                "enabled": false,
                "recovery_period_in_days": 0
              }
            ],
            "range_key": "SK",
            "read_capacity": 0,
            "replica": [],
            "restore_date_time": null,
            "restore_source_name": null,
            "restore_source_table_arn": null,
            "restore_to_latest_time": null,
            "server_side_encryption": [],
            "stream_arn": "",
            "stream_enabled": false,
            "stream_label": "",
            "stream_view_type": "",
            "table_class": "STANDARD",
            "tags": {
              "Project": "ClubBarrio"
            },
            "tags_all": {
              "Project": "ClubBarrio"
            },
            "timeouts": null,
            "ttl": [
              {
                "attribute_name": "",
                "enabled": false
              }
            ],
            "write_capacity": 0
          },
          "sensitive_attributes": [],
          "identity_schema_version": 0,
          "private": "eyJlMmJmYjczMC1lY2FhLTExZTYtOGY4OC0zNDM2M2JjN2M0YzAiOnsiY3JlYXRlIjoxODAwMDAwMDAwMDAwLCJkZWxldGUiOjYwMDAwMDAwMDAwMCwidXBkYXRlIjozNjAwMDAwMDAwMDAwfSwic2NoZW1hX3ZlcnNpb24iOiIxIn0="
        }
      ]
    },
    {
      "module": "module.dynamodb_endpoint",
      "mode": "managed",
      "type": "aws_vpc_endpoint",
      "name": "dynamodb",
      "provider": "provider[\"registry.terraform.io/hashicorp/aws\"]",
      "instances": [
        {
          "schema_version": 0,
          "attributes": {
            "arn": "arn:aws:ec2:us-east-1:830822993936:vpc-endpoint/vpce-0a2f7ffb7b8ef28c0",
            "auto_accept": null,
            "cidr_blocks": [
              "35.71.70.0/24",
              "3.218.182.0/24",
              "3.218.180.0/23",
              "35.71.68.0/23",
              "52.94.0.0/22",
              "52.119.224.0/20"
            ],
            "dns_entry": [],
            "dns_options": [],
            "id": "vpce-0a2f7ffb7b8ef28c0",
            "ip_address_type": "",
            "network_interface_ids": [],
            "owner_id": "830822993936",
            "policy": "{\"Statement\":[{\"Action\":\"*\",\"Effect\":\"Allow\",\"Principal\":\"*\",\"Resource\":\"*\"}],\"Version\":\"2008-10-17\"}",
            "prefix_list_id": "pl-02cd2c6b",
            "private_dns_enabled": false,
            "requester_managed": false,
            "resource_configuration_arn": "",
            "route_table_ids": [
              "rtb-08c5102da5f1c3fe6"
            ],
            "security_group_ids": [],
            "service_name": "com.amazonaws.us-east-1.dynamodb",
            "service_network_arn": "",
            "service_region": "us-east-1",
            "state": "available",
            "subnet_configuration": [],
            "subnet_ids": [],
            "tags": {},
            "tags_all": {},
            "timeouts": null,
            "vpc_endpoint_type": "Gateway",
            "vpc_id": "vpc-05bd500ecf63b9641"
          },
          "sensitive_attributes": [],
          "identity_schema_version": 0,
          "private": "eyJlMmJmYjczMC1lY2FhLTExZTYtOGY4OC0zNDM2M2JjN2M0YzAiOnsiY3JlYXRlIjo2MDAwMDAwMDAwMDAsImRlbGV0ZSI6NjAwMDAwMDAwMDAwLCJ1cGRhdGUiOjYwMDAwMDAwMDAwMH19",
          "dependencies": [
            "module.vpc.aws_route_table.example",
            "module.vpc.aws_vpc.example"
          ]
        }
      ]
    },
    {
      "module": "module.lambdas",
      "mode": "managed",
      "type": "aws_lambda_function",
      "name": "crearReserva",
      "provider": "provider[\"registry.terraform.io/hashicorp/aws\"]",
      "instances": [
        {
          "schema_version": 0,
          "attributes": {
            "architectures": [
              "x86_64"
            ],
            "arn": "arn:aws:lambda:us-east-1:830822993936:function:crearReserva",
            "code_sha256": "LNhvnWIaRKYV1esjKu4SeCpBht+/MWgrUe1siG4tFKk=",
            "code_signing_config_arn": "",
            "dead_letter_config": [],
            "description": "",
            "environment": [
              {
                "variables": {
                  "DYNAMODB_TABLE_NAME": "ClubData"
                }
              }
            ],
            "ephemeral_storage": [
              {
                "size": 512
              }
            ],
            "file_system_config": [],
            "filename": "output_lambda_functions/lambda_crearReserva_src.zip",
            "function_name": "crearReserva",
            "handler": "crearReserva.lambda_handler",
            "id": "crearReserva",
            "image_config": [],
            "image_uri": "",
            "invoke_arn": "arn:aws:apigateway:us-east-1:lambda:path/2015-03-31/functions/arn:aws:lambda:us-east-1:830822993936:function:crearReserva/invocations",
            "kms_key_arn": "",
            "last_modified": "2025-06-04T03:27:48.000+0000",
            "layers": [],
            "logging_config": [
              {
                "application_log_level": "",
                "log_format": "Text",
                "log_group": "/aws/lambda/crearReserva",
                "system_log_level": ""
              }
            ],
            "memory_size": 128,
            "package_type": "Zip",
            "publish": false,
            "qualified_arn": "arn:aws:lambda:us-east-1:830822993936:function:crearReserva:$LATEST",
            "qualified_invoke_arn": "arn:aws:apigateway:us-east-1:lambda:path/2015-03-31/functions/arn:aws:lambda:us-east-1:830822993936:function:crearReserva:$LATEST/invocations",
            "replace_security_groups_on_destroy": null,
            "replacement_security_group_ids": null,
            "reserved_concurrent_executions": -1,
            "role": "arn:aws:iam::830822993936:role/LabRole",
            "runtime": "python3.11",
            "s3_bucket": null,
            "s3_key": null,
            "s3_object_version": null,
            "signing_job_arn": "",
            "signing_profile_version_arn": "",
            "skip_destroy": false,
            "snap_start": [],
            "source_code_hash": "LNhvnWIaRKYV1esjKu4SeCpBht+/MWgrUe1siG4tFKk=",
            "source_code_size": 3027,
            "tags": {},
            "tags_all": {},
            "timeout": 60,
            "timeouts": null,
            "tracing_config": [
              {
                "mode": "PassThrough"
              }
            ],
            "version": "$LATEST",
            "vpc_config": [
              {
                "ipv6_allowed_for_dual_stack": false,
                "security_group_ids": [
                  "sg-050dada197c9fe600"
                ],
                "subnet_ids": [
                  "subnet-04149d8f7178ebe1a",
                  "subnet-0fec43ba4f36baaa5"
                ],
                "vpc_id": "vpc-05bd500ecf63b9641"
              }
            ]
          },
          "sensitive_attributes": [],
          "identity_schema_version": 0,
          "private": "eyJlMmJmYjczMC1lY2FhLTExZTYtOGY4OC0zNDM2M2JjN2M0YzAiOnsiY3JlYXRlIjo2MDAwMDAwMDAwMDAsImRlbGV0ZSI6NjAwMDAwMDAwMDAwLCJ1cGRhdGUiOjYwMDAwMDAwMDAwMH19",
          "dependencies": [
            "aws_security_group.lambda_sg",
            "data.archive_file.crearReserva_code",
            "data.aws_availability_zones.available",
            "data.aws_caller_identity.current",
            "module.vpc.aws_subnet.example",
            "module.vpc.aws_vpc.example"
          ],
          "create_before_destroy": true
        }
      ]
    },
    {
      "module": "module.lambdas",
      "mode": "managed",
      "type": "aws_lambda_function",
      "name": "getReservas",
      "provider": "provider[\"registry.terraform.io/hashicorp/aws\"]",
      "instances": [
        {
          "schema_version": 0,
          "attributes": {
            "architectures": [
              "x86_64"
            ],
            "arn": "arn:aws:lambda:us-east-1:830822993936:function:getReservas",
            "code_sha256": "dovok9U0Y6hFUk8CHlx7wTb2dnK0q3637/Xv9xMmX/c=",
            "code_signing_config_arn": "",
            "dead_letter_config": [],
            "description": "",
            "environment": [
              {
                "variables": {
                  "DYNAMODB_TABLE_NAME": "ClubData"
                }
              }
            ],
            "ephemeral_storage": [
              {
                "size": 512
              }
            ],
            "file_system_config": [],
            "filename": "output_lambda_functions/lambda_getReservas_src.zip",
            "function_name": "getReservas",
            "handler": "getReservas.lambda_handler",
            "id": "getReservas",
            "image_config": [],
            "image_uri": "",
            "invoke_arn": "arn:aws:apigateway:us-east-1:lambda:path/2015-03-31/functions/arn:aws:lambda:us-east-1:830822993936:function:getReservas/invocations",
            "kms_key_arn": "",
            "last_modified": "2025-06-03T21:15:27.000+0000",
            "layers": [],
            "logging_config": [
              {
                "application_log_level": "",
                "log_format": "Text",
                "log_group": "/aws/lambda/getReservas",
                "system_log_level": ""
              }
            ],
            "memory_size": 128,
            "package_type": "Zip",
            "publish": false,
            "qualified_arn": "arn:aws:lambda:us-east-1:830822993936:function:getReservas:$LATEST",
            "qualified_invoke_arn": "arn:aws:apigateway:us-east-1:lambda:path/2015-03-31/functions/arn:aws:lambda:us-east-1:830822993936:function:getReservas:$LATEST/invocations",
            "replace_security_groups_on_destroy": null,
            "replacement_security_group_ids": null,
            "reserved_concurrent_executions": -1,
            "role": "arn:aws:iam::830822993936:role/LabRole",
            "runtime": "python3.11",
            "s3_bucket": null,
            "s3_key": null,
            "s3_object_version": null,
            "signing_job_arn": "",
            "signing_profile_version_arn": "",
            "skip_destroy": false,
            "snap_start": [],
            "source_code_hash": "dovok9U0Y6hFUk8CHlx7wTb2dnK0q3637/Xv9xMmX/c=",
            "source_code_size": 1484,
            "tags": {},
            "tags_all": {},
            "timeout": 60,
            "timeouts": null,
            "tracing_config": [
              {
                "mode": "PassThrough"
              }
            ],
            "version": "$LATEST",
            "vpc_config": [
              {
                "ipv6_allowed_for_dual_stack": false,
                "security_group_ids": [
                  "sg-050dada197c9fe600"
                ],
                "subnet_ids": [
                  "subnet-04149d8f7178ebe1a",
                  "subnet-0fec43ba4f36baaa5"
                ],
                "vpc_id": "vpc-05bd500ecf63b9641"
              }
            ]
          },
          "sensitive_attributes": [],
          "identity_schema_version": 0,
          "private": "eyJlMmJmYjczMC1lY2FhLTExZTYtOGY4OC0zNDM2M2JjN2M0YzAiOnsiY3JlYXRlIjo2MDAwMDAwMDAwMDAsImRlbGV0ZSI6NjAwMDAwMDAwMDAwLCJ1cGRhdGUiOjYwMDAwMDAwMDAwMH19",
          "dependencies": [
            "aws_security_group.lambda_sg",
            "data.archive_file.getReservas_code",
            "data.aws_availability_zones.available",
            "data.aws_caller_identity.current",
            "module.vpc.aws_subnet.example",
            "module.vpc.aws_vpc.example"
          ],
          "create_before_destroy": true
        }
      ]
    },
    {
      "module": "module.lambdas",
      "mode": "managed",
      "type": "aws_lambda_function",
      "name": "redirectBucket",
      "provider": "provider[\"registry.terraform.io/hashicorp/aws\"]",
      "instances": [
        {
          "schema_version": 0,
          "attributes": {
            "architectures": [
              "x86_64"
            ],
            "arn": "arn:aws:lambda:us-east-1:830822993936:function:redirectBucket",
            "code_sha256": "YnZNrOXyj9wR26RorROhDxQMftMjw3d9gYE2KX39obQ=",
            "code_signing_config_arn": "",
            "dead_letter_config": [],
            "description": "",
            "environment": [],
            "ephemeral_storage": [
              {
                "size": 512
              }
            ],
            "file_system_config": [],
            "filename": "output_lambda_functions/lambda_redirectBucket_src.zip",
            "function_name": "redirectBucket",
            "handler": "redirectBucket.lambda_handler",
            "id": "redirectBucket",
            "image_config": [],
            "image_uri": "",
            "invoke_arn": "arn:aws:apigateway:us-east-1:lambda:path/2015-03-31/functions/arn:aws:lambda:us-east-1:830822993936:function:redirectBucket/invocations",
            "kms_key_arn": "",
            "last_modified": "2025-06-04T03:16:18.000+0000",
            "layers": [],
            "logging_config": [
              {
                "application_log_level": "",
                "log_format": "Text",
                "log_group": "/aws/lambda/redirectBucket",
                "system_log_level": ""
              }
            ],
            "memory_size": 128,
            "package_type": "Zip",
            "publish": false,
            "qualified_arn": "arn:aws:lambda:us-east-1:830822993936:function:redirectBucket:$LATEST",
            "qualified_invoke_arn": "arn:aws:apigateway:us-east-1:lambda:path/2015-03-31/functions/arn:aws:lambda:us-east-1:830822993936:function:redirectBucket:$LATEST/invocations",
            "replace_security_groups_on_destroy": null,
            "replacement_security_group_ids": null,
            "reserved_concurrent_executions": -1,
            "role": "arn:aws:iam::830822993936:role/LabRole",
            "runtime": "python3.9",
            "s3_bucket": null,
            "s3_key": null,
            "s3_object_version": null,
            "signing_job_arn": "",
            "signing_profile_version_arn": "",
            "skip_destroy": false,
            "snap_start": [],
            "source_code_hash": "YnZNrOXyj9wR26RorROhDxQMftMjw3d9gYE2KX39obQ=",
            "source_code_size": 1487,
            "tags": {},
            "tags_all": {},
            "timeout": 60,
            "timeouts": null,
            "tracing_config": [
              {
                "mode": "PassThrough"
              }
            ],
            "version": "$LATEST",
            "vpc_config": []
          },
          "sensitive_attributes": [],
          "identity_schema_version": 0,
          "private": "eyJlMmJmYjczMC1lY2FhLTExZTYtOGY4OC0zNDM2M2JjN2M0YzAiOnsiY3JlYXRlIjo2MDAwMDAwMDAwMDAsImRlbGV0ZSI6NjAwMDAwMDAwMDAwLCJ1cGRhdGUiOjYwMDAwMDAwMDAwMH19",
          "dependencies": [
            "data.archive_file.redirectBucket_code",
            "data.aws_caller_identity.current"
          ]
        }
      ]
    },
    {
      "module": "module.lambdas",
      "mode": "managed",
      "type": "aws_lambda_function",
      "name": "registrar_usuario",
      "provider": "provider[\"registry.terraform.io/hashicorp/aws\"]",
      "instances": [
        {
          "schema_version": 0,
          "attributes": {
            "architectures": [
              "x86_64"
            ],
            "arn": "arn:aws:lambda:us-east-1:830822993936:function:registrar_usuario",
            "code_sha256": "Q4DNhr3QiuayMnJS9MOcP2/0iC26FMppn/ju5VdRMgM=",
            "code_signing_config_arn": "",
            "dead_letter_config": [],
            "description": "",
            "environment": [],
            "ephemeral_storage": [
              {
                "size": 512
              }
            ],
            "file_system_config": [],
            "filename": "modules/lambdas/../../output_lambda_functions/registrar_usuario.zip",
            "function_name": "registrar_usuario",
            "handler": "registrar_usuario.lambda_handler",
            "id": "registrar_usuario",
            "image_config": [],
            "image_uri": "",
            "invoke_arn": "arn:aws:apigateway:us-east-1:lambda:path/2015-03-31/functions/arn:aws:lambda:us-east-1:830822993936:function:registrar_usuario/invocations",
            "kms_key_arn": "",
            "last_modified": "2025-06-03T20:40:42.000+0000",
            "layers": [],
            "logging_config": [
              {
                "application_log_level": "",
                "log_format": "Text",
                "log_group": "/aws/lambda/registrar_usuario",
                "system_log_level": ""
              }
            ],
            "memory_size": 128,
            "package_type": "Zip",
            "publish": false,
            "qualified_arn": "arn:aws:lambda:us-east-1:830822993936:function:registrar_usuario:$LATEST",
            "qualified_invoke_arn": "arn:aws:apigateway:us-east-1:lambda:path/2015-03-31/functions/arn:aws:lambda:us-east-1:830822993936:function:registrar_usuario:$LATEST/invocations",
            "replace_security_groups_on_destroy": null,
            "replacement_security_group_ids": null,
            "reserved_concurrent_executions": -1,
            "role": "arn:aws:iam::830822993936:role/LabRole",
            "runtime": "python3.12",
            "s3_bucket": null,
            "s3_key": null,
            "s3_object_version": null,
            "signing_job_arn": "",
            "signing_profile_version_arn": "",
            "skip_destroy": false,
            "snap_start": [],
            "source_code_hash": "Q4DNhr3QiuayMnJS9MOcP2/0iC26FMppn/ju5VdRMgM=",
            "source_code_size": 527,
            "tags": {},
            "tags_all": {},
            "timeout": 10,
            "timeouts": null,
            "tracing_config": [
              {
                "mode": "PassThrough"
              }
            ],
            "version": "$LATEST",
            "vpc_config": [
              {
                "ipv6_allowed_for_dual_stack": false,
                "security_group_ids": [
                  "sg-017677041fc586b93"
                ],
                "subnet_ids": [
                  "subnet-04149d8f7178ebe1a",
                  "subnet-0fec43ba4f36baaa5"
                ],
                "vpc_id": "vpc-05bd500ecf63b9641"
              }
            ]
          },
          "sensitive_attributes": [],
          "identity_schema_version": 0,
          "private": "eyJlMmJmYjczMC1lY2FhLTExZTYtOGY4OC0zNDM2M2JjN2M0YzAiOnsiY3JlYXRlIjo2MDAwMDAwMDAwMDAsImRlbGV0ZSI6NjAwMDAwMDAwMDAwLCJ1cGRhdGUiOjYwMDAwMDAwMDAwMH19",
          "dependencies": [
            "aws_security_group.registrar_usuario_sg",
            "data.aws_availability_zones.available",
            "data.aws_caller_identity.current",
            "module.vpc.aws_subnet.example",
            "module.vpc.aws_vpc.example"
          ],
          "create_before_destroy": true
        }
      ]
    },
    {
      "module": "module.s3",
      "mode": "managed",
      "type": "aws_s3_bucket",
      "name": "static_site",
      "provider": "provider[\"registry.terraform.io/hashicorp/aws\"]",
      "instances": [
        {
          "schema_version": 0,
          "attributes": {
            "acceleration_status": "",
            "acl": null,
            "arn": "arn:aws:s3:::club-sports-bucket-mica",
            "bucket": "club-sports-bucket-mica",
            "bucket_domain_name": "club-sports-bucket-mica.s3.amazonaws.com",
            "bucket_prefix": "",
            "bucket_regional_domain_name": "club-sports-bucket-mica.s3.us-east-1.amazonaws.com",
            "cors_rule": [],
            "force_destroy": false,
            "grant": [
              {
                "id": "b38886a46e1aad706dd1fc8e9948c07ca123ba7da80f64e8b741441f41172324",
                "permissions": [
                  "FULL_CONTROL"
                ],
                "type": "CanonicalUser",
                "uri": ""
              }
            ],
            "hosted_zone_id": "Z3AQBSTGFYJSTF",
            "id": "club-sports-bucket-mica",
            "lifecycle_rule": [],
            "logging": [],
            "object_lock_configuration": [],
            "object_lock_enabled": false,
            "policy": "{\"Statement\":[{\"Action\":\"s3:GetObject\",\"Effect\":\"Allow\",\"Principal\":\"*\",\"Resource\":\"arn:aws:s3:::club-sports-bucket-mica/*\"}],\"Version\":\"2012-10-17\"}",
            "region": "us-east-1",
            "replication_configuration": [],
            "request_payer": "BucketOwner",
            "server_side_encryption_configuration": [
              {
                "rule": [
                  {
                    "apply_server_side_encryption_by_default": [
                      {
                        "kms_master_key_id": "",
                        "sse_algorithm": "AES256"
                      }
                    ],
                    "bucket_key_enabled": false
                  }
                ]
              }
            ],
            "tags": {
              "Environment": "Prod",
              "Name": "Front sistema vecinos"
            },
            "tags_all": {
              "Environment": "Prod",
              "Name": "Front sistema vecinos"
            },
            "timeouts": null,
            "versioning": [
              {
                "enabled": false,
                "mfa_delete": false
              }
            ],
            "website": [
              {
                "error_document": "404.html",
                "index_document": "index.html",
                "redirect_all_requests_to": "",
                "routing_rules": ""
              }
            ],
            "website_domain": "s3-website-us-east-1.amazonaws.com",
            "website_endpoint": "club-sports-bucket-mica.s3-website-us-east-1.amazonaws.com"
          },
          "sensitive_attributes": [],
          "identity_schema_version": 0,
          "private": "eyJlMmJmYjczMC1lY2FhLTExZTYtOGY4OC0zNDM2M2JjN2M0YzAiOnsiY3JlYXRlIjoxMjAwMDAwMDAwMDAwLCJkZWxldGUiOjM2MDAwMDAwMDAwMDAsInJlYWQiOjEyMDAwMDAwMDAwMDAsInVwZGF0ZSI6MTIwMDAwMDAwMDAwMH19",
          "create_before_destroy": true
        }
      ]
    },
    {
      "module": "module.s3",
      "mode": "managed",
      "type": "aws_s3_bucket_policy",
      "name": "static_site_policy",
      "provider": "provider[\"registry.terraform.io/hashicorp/aws\"]",
      "instances": [
        {
          "schema_version": 0,
          "attributes": {
            "bucket": "club-sports-bucket-mica",
            "id": "club-sports-bucket-mica",
            "policy": "{\"Statement\":[{\"Action\":\"s3:GetObject\",\"Effect\":\"Allow\",\"Principal\":\"*\",\"Resource\":\"arn:aws:s3:::club-sports-bucket-mica/*\"}],\"Version\":\"2012-10-17\"}"
          },
          "sensitive_attributes": [],
          "identity_schema_version": 0,
          "private": "bnVsbA==",
          "dependencies": [
            "module.s3.aws_s3_bucket.static_site",
            "module.s3.aws_s3_bucket_public_access_block.allow_public_policy"
          ],
          "create_before_destroy": true
        }
      ]
    },
    {
      "module": "module.s3",
      "mode": "managed",
      "type": "aws_s3_bucket_public_access_block",
      "name": "allow_public_policy",
      "provider": "provider[\"registry.terraform.io/hashicorp/aws\"]",
      "instances": [
        {
          "schema_version": 0,
          "attributes": {
            "block_public_acls": false,
            "block_public_policy": false,
            "bucket": "club-sports-bucket-mica",
            "id": "club-sports-bucket-mica",
            "ignore_public_acls": false,
            "restrict_public_buckets": false
          },
          "sensitive_attributes": [],
          "identity_schema_version": 0,
          "private": "bnVsbA==",
          "dependencies": [
            "module.s3.aws_s3_bucket.static_site"
          ],
          "create_before_destroy": true
        }
      ]
    },
    {
      "module": "module.s3",
      "mode": "managed",
      "type": "aws_s3_bucket_website_configuration",
      "name": "static_site_config",
      "provider": "provider[\"registry.terraform.io/hashicorp/aws\"]",
      "instances": [
        {
          "schema_version": 0,
          "attributes": {
            "bucket": "club-sports-bucket-mica",
            "error_document": [
              {
                "key": "404.html"
              }
            ],
            "expected_bucket_owner": "",
            "id": "club-sports-bucket-mica",
            "index_document": [
              {
                "suffix": "index.html"
              }
            ],
            "redirect_all_requests_to": [],
            "routing_rule": [],
            "routing_rules": "",
            "website_domain": "s3-website-us-east-1.amazonaws.com",
            "website_endpoint": "club-sports-bucket-mica.s3-website-us-east-1.amazonaws.com"
          },
          "sensitive_attributes": [],
          "identity_schema_version": 0,
          "private": "bnVsbA==",
          "dependencies": [
            "module.s3.aws_s3_bucket.static_site"
          ],
          "create_before_destroy": true
        }
      ]
    },
    {
      "module": "module.vpc",
      "mode": "data",
      "type": "aws_availability_zones",
      "name": "available",
      "provider": "provider[\"registry.terraform.io/hashicorp/aws\"]",
      "instances": [
        {
          "schema_version": 0,
          "attributes": {
            "all_availability_zones": null,
            "exclude_names": null,
            "exclude_zone_ids": null,
            "filter": null,
            "group_names": [
              "us-east-1-zg-1"
            ],
            "id": "us-east-1",
            "names": [
              "us-east-1a",
              "us-east-1b",
              "us-east-1c",
              "us-east-1d",
              "us-east-1e",
              "us-east-1f"
            ],
            "state": "available",
            "timeouts": null,
            "zone_ids": [
              "use1-az4",
              "use1-az6",
              "use1-az1",
              "use1-az2",
              "use1-az3",
              "use1-az5"
            ]
          },
          "sensitive_attributes": [],
          "identity_schema_version": 0
        }
      ]
    },
    {
      "module": "module.vpc",
      "mode": "managed",
      "type": "aws_route_table",
      "name": "example",
      "provider": "provider[\"registry.terraform.io/hashicorp/aws\"]",
      "instances": [
        {
          "schema_version": 0,
          "attributes": {
            "arn": "arn:aws:ec2:us-east-1:830822993936:route-table/rtb-08c5102da5f1c3fe6",
            "id": "rtb-08c5102da5f1c3fe6",
            "owner_id": "830822993936",
            "propagating_vgws": [],
            "route": [],
            "tags": {
              "Name": "club-sports-vpc-mica-route-table"
            },
            "tags_all": {
              "Name": "club-sports-vpc-mica-route-table"
            },
            "timeouts": null,
            "vpc_id": "vpc-05bd500ecf63b9641"
          },
          "sensitive_attributes": [],
          "identity_schema_version": 0,
          "private": "eyJlMmJmYjczMC1lY2FhLTExZTYtOGY4OC0zNDM2M2JjN2M0YzAiOnsiY3JlYXRlIjozMDAwMDAwMDAwMDAsImRlbGV0ZSI6MzAwMDAwMDAwMDAwLCJ1cGRhdGUiOjEyMDAwMDAwMDAwMH19",
          "dependencies": [
            "module.vpc.aws_vpc.example"
          ]
        }
      ]
    },
    {
      "module": "module.vpc",
      "mode": "managed",
      "type": "aws_route_table_association",
      "name": "example",
      "provider": "provider[\"registry.terraform.io/hashicorp/aws\"]",
      "instances": [
        {
          "index_key": "club-sports-vpc-mica-subnet-1",
          "schema_version": 0,
          "attributes": {
            "gateway_id": "",
            "id": "rtbassoc-02294ddb03cf20b2c",
            "route_table_id": "rtb-08c5102da5f1c3fe6",
            "subnet_id": "subnet-04149d8f7178ebe1a",
            "timeouts": null
          },
          "sensitive_attributes": [],
          "identity_schema_version": 0,
          "private": "eyJlMmJmYjczMC1lY2FhLTExZTYtOGY4OC0zNDM2M2JjN2M0YzAiOnsiY3JlYXRlIjozMDAwMDAwMDAwMDAsImRlbGV0ZSI6MzAwMDAwMDAwMDAwLCJ1cGRhdGUiOjEyMDAwMDAwMDAwMH19",
          "dependencies": [
            "data.aws_availability_zones.available",
            "module.vpc.aws_route_table.example",
            "module.vpc.aws_subnet.example",
            "module.vpc.aws_vpc.example"
          ]
        },
        {
          "index_key": "club-sports-vpc-mica-subnet-2",
          "schema_version": 0,
          "attributes": {
            "gateway_id": "",
            "id": "rtbassoc-0b210115f84f916ee",
            "route_table_id": "rtb-08c5102da5f1c3fe6",
            "subnet_id": "subnet-0fec43ba4f36baaa5",
            "timeouts": null
          },
          "sensitive_attributes": [],
          "identity_schema_version": 0,
          "private": "eyJlMmJmYjczMC1lY2FhLTExZTYtOGY4OC0zNDM2M2JjN2M0YzAiOnsiY3JlYXRlIjozMDAwMDAwMDAwMDAsImRlbGV0ZSI6MzAwMDAwMDAwMDAwLCJ1cGRhdGUiOjEyMDAwMDAwMDAwMH19",
          "dependencies": [
            "data.aws_availability_zones.available",
            "module.vpc.aws_route_table.example",
            "module.vpc.aws_subnet.example",
            "module.vpc.aws_vpc.example"
          ]
        }
      ]
    },
    {
      "module": "module.vpc",
      "mode": "managed",
      "type": "aws_subnet",
      "name": "example",
      "provider": "provider[\"registry.terraform.io/hashicorp/aws\"]",
      "instances": [
        {
          "index_key": "club-sports-vpc-mica-subnet-1",
          "schema_version": 1,
          "attributes": {
            "arn": "arn:aws:ec2:us-east-1:830822993936:subnet/subnet-04149d8f7178ebe1a",
            "assign_ipv6_address_on_creation": false,
            "availability_zone": "us-east-1a",
            "availability_zone_id": "use1-az4",
            "cidr_block": "10.0.0.0/24",
            "customer_owned_ipv4_pool": "",
            "enable_dns64": false,
            "enable_lni_at_device_index": 0,
            "enable_resource_name_dns_a_record_on_launch": false,
            "enable_resource_name_dns_aaaa_record_on_launch": false,
            "id": "subnet-04149d8f7178ebe1a",
            "ipv6_cidr_block": "",
            "ipv6_cidr_block_association_id": "",
            "ipv6_native": false,
            "map_customer_owned_ip_on_launch": false,
            "map_public_ip_on_launch": false,
            "outpost_arn": "",
            "owner_id": "830822993936",
            "private_dns_hostname_type_on_launch": "ip-name",
            "tags": {
              "Name": "club-sports-vpc-mica-subnet-1"
            },
            "tags_all": {
              "Name": "club-sports-vpc-mica-subnet-1"
            },
            "timeouts": null,
            "vpc_id": "vpc-05bd500ecf63b9641"
          },
          "sensitive_attributes": [],
          "identity_schema_version": 0,
          "private": "eyJlMmJmYjczMC1lY2FhLTExZTYtOGY4OC0zNDM2M2JjN2M0YzAiOnsiY3JlYXRlIjo2MDAwMDAwMDAwMDAsImRlbGV0ZSI6MTIwMDAwMDAwMDAwMH0sInNjaGVtYV92ZXJzaW9uIjoiMSJ9",
          "dependencies": [
            "data.aws_availability_zones.available",
            "module.vpc.aws_vpc.example"
          ],
          "create_before_destroy": true
        },
        {
          "index_key": "club-sports-vpc-mica-subnet-2",
          "schema_version": 1,
          "attributes": {
            "arn": "arn:aws:ec2:us-east-1:830822993936:subnet/subnet-0fec43ba4f36baaa5",
            "assign_ipv6_address_on_creation": false,
            "availability_zone": "us-east-1b",
            "availability_zone_id": "use1-az6",
            "cidr_block": "10.0.1.0/24",
            "customer_owned_ipv4_pool": "",
            "enable_dns64": false,
            "enable_lni_at_device_index": 0,
            "enable_resource_name_dns_a_record_on_launch": false,
            "enable_resource_name_dns_aaaa_record_on_launch": false,
            "id": "subnet-0fec43ba4f36baaa5",
            "ipv6_cidr_block": "",
            "ipv6_cidr_block_association_id": "",
            "ipv6_native": false,
            "map_customer_owned_ip_on_launch": false,
            "map_public_ip_on_launch": false,
            "outpost_arn": "",
            "owner_id": "830822993936",
            "private_dns_hostname_type_on_launch": "ip-name",
            "tags": {
              "Name": "club-sports-vpc-mica-subnet-2"
            },
            "tags_all": {
              "Name": "club-sports-vpc-mica-subnet-2"
            },
            "timeouts": null,
            "vpc_id": "vpc-05bd500ecf63b9641"
          },
          "sensitive_attributes": [],
          "identity_schema_version": 0,
          "private": "eyJlMmJmYjczMC1lY2FhLTExZTYtOGY4OC0zNDM2M2JjN2M0YzAiOnsiY3JlYXRlIjo2MDAwMDAwMDAwMDAsImRlbGV0ZSI6MTIwMDAwMDAwMDAwMH0sInNjaGVtYV92ZXJzaW9uIjoiMSJ9",
          "dependencies": [
            "data.aws_availability_zones.available",
            "module.vpc.aws_vpc.example"
          ],
          "create_before_destroy": true
        }
      ]
    },
    {
      "module": "module.vpc",
      "mode": "managed",
      "type": "aws_vpc",
      "name": "example",
      "provider": "provider[\"registry.terraform.io/hashicorp/aws\"]",
      "instances": [
        {
          "schema_version": 1,
          "attributes": {
            "arn": "arn:aws:ec2:us-east-1:830822993936:vpc/vpc-05bd500ecf63b9641",
            "assign_generated_ipv6_cidr_block": false,
            "cidr_block": "10.0.0.0/16",
            "default_network_acl_id": "acl-0893e527196296697",
            "default_route_table_id": "rtb-054c7f8b6f85f9531",
            "default_security_group_id": "sg-062508eea55a09a68",
            "dhcp_options_id": "dopt-067d2fd835beba386",
            "enable_dns_hostnames": false,
            "enable_dns_support": true,
            "enable_network_address_usage_metrics": false,
            "id": "vpc-05bd500ecf63b9641",
            "instance_tenancy": "default",
            "ipv4_ipam_pool_id": null,
            "ipv4_netmask_length": null,
            "ipv6_association_id": "",
            "ipv6_cidr_block": "",
            "ipv6_cidr_block_network_border_group": "",
            "ipv6_ipam_pool_id": "",
            "ipv6_netmask_length": 0,
            "main_route_table_id": "rtb-054c7f8b6f85f9531",
            "owner_id": "830822993936",
            "tags": {
              "Name": "club-sports-vpc-mica"
            },
            "tags_all": {
              "Name": "club-sports-vpc-mica"
            }
          },
          "sensitive_attributes": [],
          "identity_schema_version": 0,
          "private": "eyJzY2hlbWFfdmVyc2lvbiI6IjEifQ==",
          "create_before_destroy": true
        }
      ]
    }
  ],
  "check_results": null
}
